// !$*UTF8*$!
{
	archiveVersion = 1;
	classes = {
	};
	objectVersion = 45;
	objects = {

/* Begin PBXBuildFile section */
		1D3623260D0F684500981E51 /* LatestChatty2AppDelegate.m in Sources */ = {isa = PBXBuildFile; fileRef = 1D3623250D0F684500981E51 /* LatestChatty2AppDelegate.m */; };
		1D60589B0D05DD56006BFB54 /* main.m in Sources */ = {isa = PBXBuildFile; fileRef = 29B97316FDCFA39411CA2CEA /* main.m */; };
		1D60589F0D05DD5A006BFB54 /* Foundation.framework in Frameworks */ = {isa = PBXBuildFile; fileRef = 1D30AB110D05D00D00671497 /* Foundation.framework */; };
		1DF5F4E00D08C38300B7A737 /* UIKit.framework in Frameworks */ = {isa = PBXBuildFile; fileRef = 1DF5F4DF0D08C38300B7A737 /* UIKit.framework */; };
		2892E4100DC94CBA00A64D0F /* CoreGraphics.framework in Frameworks */ = {isa = PBXBuildFile; fileRef = 2892E40F0DC94CBA00A64D0F /* CoreGraphics.framework */; };
		2899E5600DE3E45000AC0155 /* StoriesViewController.xib in Resources */ = {isa = PBXBuildFile; fileRef = 2899E55F0DE3E45000AC0155 /* StoriesViewController.xib */; };
		28AD73600D9D9599002E5188 /* MainWindow.xib in Resources */ = {isa = PBXBuildFile; fileRef = 28AD735F0D9D9599002E5188 /* MainWindow.xib */; };
		28C286E10D94DF7D0034E888 /* StoriesViewController.m in Sources */ = {isa = PBXBuildFile; fileRef = 28C286E00D94DF7D0034E888 /* StoriesViewController.m */; };
		5907C59610A699A70028D630 /* ASIAuthenticationDialog.m in Sources */ = {isa = PBXBuildFile; fileRef = 5907C58510A699A70028D630 /* ASIAuthenticationDialog.m */; };
		5907C59710A699A70028D630 /* ASIFormDataRequest.m in Sources */ = {isa = PBXBuildFile; fileRef = 5907C58710A699A70028D630 /* ASIFormDataRequest.m */; };
		5907C59810A699A70028D630 /* ASIHTTPRequest.m in Sources */ = {isa = PBXBuildFile; fileRef = 5907C58910A699A70028D630 /* ASIHTTPRequest.m */; };
		5907C59910A699A70028D630 /* ASIInputStream.m in Sources */ = {isa = PBXBuildFile; fileRef = 5907C58B10A699A70028D630 /* ASIInputStream.m */; };
		5907C59A10A699A70028D630 /* ASINetworkQueue.m in Sources */ = {isa = PBXBuildFile; fileRef = 5907C58D10A699A70028D630 /* ASINetworkQueue.m */; };
		5907C59B10A699A70028D630 /* ASINSStringAdditions.m in Sources */ = {isa = PBXBuildFile; fileRef = 5907C58F10A699A70028D630 /* ASINSStringAdditions.m */; };
		5907C59C10A699A70028D630 /* ASIS3BucketObject.m in Sources */ = {isa = PBXBuildFile; fileRef = 5907C59110A699A70028D630 /* ASIS3BucketObject.m */; };
		5907C59D10A699A70028D630 /* ASIS3ListRequest.m in Sources */ = {isa = PBXBuildFile; fileRef = 5907C59310A699A70028D630 /* ASIS3ListRequest.m */; };
		5907C59E10A699A70028D630 /* ASIS3Request.m in Sources */ = {isa = PBXBuildFile; fileRef = 5907C59510A699A70028D630 /* ASIS3Request.m */; };
		5907C5A510A699DB0028D630 /* Reachability.m in Sources */ = {isa = PBXBuildFile; fileRef = 5907C5A410A699DB0028D630 /* Reachability.m */; };
		5907C5AD10A69A0A0028D630 /* CFNetwork.framework in Frameworks */ = {isa = PBXBuildFile; fileRef = 5907C5AC10A69A0A0028D630 /* CFNetwork.framework */; };
		5907C5AF10A69A0A0028D630 /* SystemConfiguration.framework in Frameworks */ = {isa = PBXBuildFile; fileRef = 5907C5AE10A69A0A0028D630 /* SystemConfiguration.framework */; };
		5907C5B710A69A190028D630 /* libz.dylib in Frameworks */ = {isa = PBXBuildFile; fileRef = 5907C5B610A69A190028D630 /* libz.dylib */; };
		599FF0F610D5DDC1004476B8 /* NSObject+SBJSON.m in Sources */ = {isa = PBXBuildFile; fileRef = 599FF0EB10D5DDC1004476B8 /* NSObject+SBJSON.m */; };
		599FF0F710D5DDC1004476B8 /* NSString+SBJSON.m in Sources */ = {isa = PBXBuildFile; fileRef = 599FF0ED10D5DDC1004476B8 /* NSString+SBJSON.m */; };
		599FF0F810D5DDC1004476B8 /* SBJSON.m in Sources */ = {isa = PBXBuildFile; fileRef = 599FF0EF10D5DDC1004476B8 /* SBJSON.m */; };
		599FF0F910D5DDC1004476B8 /* SBJsonBase.m in Sources */ = {isa = PBXBuildFile; fileRef = 599FF0F110D5DDC1004476B8 /* SBJsonBase.m */; };
		599FF0FA10D5DDC1004476B8 /* SBJsonParser.m in Sources */ = {isa = PBXBuildFile; fileRef = 599FF0F310D5DDC1004476B8 /* SBJsonParser.m */; };
		599FF0FB10D5DDC1004476B8 /* SBJsonWriter.m in Sources */ = {isa = PBXBuildFile; fileRef = 599FF0F510D5DDC1004476B8 /* SBJsonWriter.m */; };
		FA04800D0F70BD0500F752A6 /* Post.m in Sources */ = {isa = PBXBuildFile; fileRef = FA04800C0F70BD0500F752A6 /* Post.m */; };
		FA0481220F70D10300F752A6 /* ChattyViewController.m in Sources */ = {isa = PBXBuildFile; fileRef = FA0481210F70D10300F752A6 /* ChattyViewController.m */; };
		FA08ADB3112B40E800B89890 /* Mod.m in Sources */ = {isa = PBXBuildFile; fileRef = FA08ADB2112B40E800B89890 /* Mod.m */; };
		FA08ADC0112B412500B89890 /* ModGavel.png in Resources */ = {isa = PBXBuildFile; fileRef = FA08ADBF112B412500B89890 /* ModGavel.png */; };
		FA1E7D670F787FEF00BAA55B /* ModelLoader.m in Sources */ = {isa = PBXBuildFile; fileRef = FA1E7D660F787FEF00BAA55B /* ModelLoader.m */; };
		FA2260530F8EE251002F77DD /* Settings.bundle in Resources */ = {isa = PBXBuildFile; fileRef = FA2260520F8EE251002F77DD /* Settings.bundle */; };
		FA26AD080F80F85C00EB5FF0 /* Tag.m in Sources */ = {isa = PBXBuildFile; fileRef = FA26AD070F80F85C00EB5FF0 /* Tag.m */; };
		FA2B458F0F7D95710074064A /* BlueBullet.png in Resources */ = {isa = PBXBuildFile; fileRef = FA2B458E0F7D95710074064A /* BlueBullet.png */; };
		FA2B45910F7D96060074064A /* GrayBullet.png in Resources */ = {isa = PBXBuildFile; fileRef = FA2B45900F7D96060074064A /* GrayBullet.png */; };
		FA2B47550F7E1DA30074064A /* NSDataAdditions.m in Sources */ = {isa = PBXBuildFile; fileRef = FA2B47520F7E1DA30074064A /* NSDataAdditions.m */; };
		FA2B47560F7E1DA30074064A /* NSStringAdditions.m in Sources */ = {isa = PBXBuildFile; fileRef = FA2B47530F7E1DA30074064A /* NSStringAdditions.m */; };
		FA2B475C0F7E1DDB0074064A /* Image.m in Sources */ = {isa = PBXBuildFile; fileRef = FA2B475B0F7E1DDB0074064A /* Image.m */; };
		FA2B47C20F7E2E790074064A /* Camera.png in Resources */ = {isa = PBXBuildFile; fileRef = FA2B47C10F7E2E790074064A /* Camera.png */; };
		FA2ECCC10F9D4FED00912BE4 /* Lock.16.png in Resources */ = {isa = PBXBuildFile; fileRef = FA2ECCC00F9D4FED00912BE4 /* Lock.16.png */; };
		FA4122E80F8FDCFD002E1978 /* MessagesIcon.48.png in Resources */ = {isa = PBXBuildFile; fileRef = FA4122E50F8FDCFD002E1978 /* MessagesIcon.48.png */; };
		FA4122E90F8FDCFD002E1978 /* SearchIcon.48.png in Resources */ = {isa = PBXBuildFile; fileRef = FA4122E60F8FDCFD002E1978 /* SearchIcon.48.png */; };
		FA4122EA0F8FDCFD002E1978 /* StoriesIcon.48.png in Resources */ = {isa = PBXBuildFile; fileRef = FA4122E70F8FDCFD002E1978 /* StoriesIcon.48.png */; };
		FA4122FE0F8FDDE9002E1978 /* RootCell.xib in Resources */ = {isa = PBXBuildFile; fileRef = FA4122FD0F8FDDE9002E1978 /* RootCell.xib */; };
		FA4123020F8FDF06002E1978 /* RootCell.m in Sources */ = {isa = PBXBuildFile; fileRef = FA4123010F8FDF06002E1978 /* RootCell.m */; };
		FA4123060F8FE08B002E1978 /* RootViewController.m in Sources */ = {isa = PBXBuildFile; fileRef = FA4123050F8FE08B002E1978 /* RootViewController.m */; };
		FA4123080F8FE09E002E1978 /* RootViewController.xib in Resources */ = {isa = PBXBuildFile; fileRef = FA4123070F8FE09E002E1978 /* RootViewController.xib */; };
		FA4123A50F8FE584002E1978 /* AboutIcon.48.png in Resources */ = {isa = PBXBuildFile; fileRef = FA4123A40F8FE584002E1978 /* AboutIcon.48.png */; };
		FA4124130F8FECED002E1978 /* SettingsIcon.48.png in Resources */ = {isa = PBXBuildFile; fileRef = FA4124120F8FECED002E1978 /* SettingsIcon.48.png */; };
		FA4124540F8FEFF1002E1978 /* MessagesViewController.xib in Resources */ = {isa = PBXBuildFile; fileRef = FA4124530F8FEFF1002E1978 /* MessagesViewController.xib */; };
		FA4124580F8FF059002E1978 /* MessagesViewController.m in Sources */ = {isa = PBXBuildFile; fileRef = FA4124570F8FF059002E1978 /* MessagesViewController.m */; };
		FA56C87E114B5A5F006A493B /* ImageViewController.m in Sources */ = {isa = PBXBuildFile; fileRef = FA56C87C114B5A5F006A493B /* ImageViewController.m */; };
		FA56C87F114B5A5F006A493B /* ImageViewController.xib in Resources */ = {isa = PBXBuildFile; fileRef = FA56C87D114B5A5F006A493B /* ImageViewController.xib */; };
		FA56C8B6114B5FBC006A493B /* QuartzCore.framework in Frameworks */ = {isa = PBXBuildFile; fileRef = FA56C8B5114B5FBC006A493B /* QuartzCore.framework */; };
		FA5DA7770F7284CB00F05ED9 /* ModelListViewController.m in Sources */ = {isa = PBXBuildFile; fileRef = FA5DA7760F7284CB00F05ED9 /* ModelListViewController.m */; };
		FA5DA8AA0F72A3EA00F05ED9 /* SettingsIcon.24.png in Resources */ = {isa = PBXBuildFile; fileRef = FA5DA8A90F72A3EA00F05ED9 /* SettingsIcon.24.png */; };
		FA5FCD160F6F61A600878F27 /* Model.m in Sources */ = {isa = PBXBuildFile; fileRef = FA5FCD150F6F61A600878F27 /* Model.m */; };
		FA5FCDAC0F6F6FDF00878F27 /* Story.m in Sources */ = {isa = PBXBuildFile; fileRef = FA5FCDAB0F6F6FDF00878F27 /* Story.m */; };
		FA5FCE8D0F6F7B6A00878F27 /* TableCellFromNib.m in Sources */ = {isa = PBXBuildFile; fileRef = FA5FCE8C0F6F7B6A00878F27 /* TableCellFromNib.m */; };
		FA5FCE930F6F7CA600878F27 /* StoryCell.m in Sources */ = {isa = PBXBuildFile; fileRef = FA5FCE920F6F7CA600878F27 /* StoryCell.m */; };
		FA5FCE950F6F7CB600878F27 /* StoryCell.xib in Resources */ = {isa = PBXBuildFile; fileRef = FA5FCE940F6F7CB600878F27 /* StoryCell.xib */; };
		FA5FD0560F7014BD00878F27 /* CellBackground.png in Resources */ = {isa = PBXBuildFile; fileRef = FA5FD0550F7014BD00878F27 /* CellBackground.png */; };
		FA6EDD320F70D56B00AAF4E4 /* ChattyViewController.xib in Resources */ = {isa = PBXBuildFile; fileRef = FA6EDD310F70D56B00AAF4E4 /* ChattyViewController.xib */; };
		FA6EDD6A0F70D95A00AAF4E4 /* ThreadCell.xib in Resources */ = {isa = PBXBuildFile; fileRef = FA6EDD690F70D95A00AAF4E4 /* ThreadCell.xib */; };
		FA6EDD6F0F70DA0400AAF4E4 /* ThreadCell.m in Sources */ = {isa = PBXBuildFile; fileRef = FA6EDD6E0F70DA0400AAF4E4 /* ThreadCell.m */; };
		FA6EDDDD0F70E0B400AAF4E4 /* ChatIcon.48.png in Resources */ = {isa = PBXBuildFile; fileRef = FA6EDDDC0F70E0B400AAF4E4 /* ChatIcon.48.png */; };
		FA6EDE480F70EB4900AAF4E4 /* StoryViewController.m in Sources */ = {isa = PBXBuildFile; fileRef = FA6EDE470F70EB4900AAF4E4 /* StoryViewController.m */; };
		FA6EDE670F70EE1500AAF4E4 /* ChatIcon.24.png in Resources */ = {isa = PBXBuildFile; fileRef = FA6EDE660F70EE1500AAF4E4 /* ChatIcon.24.png */; };
		FA7A3436112F652700DCD653 /* StoryViewController.xib in Resources */ = {isa = PBXBuildFile; fileRef = FA6EDE420F70EA6700AAF4E4 /* StoryViewController.xib */; };
		FA828B8C0F90901100B59FF8 /* MessageCell.xib in Resources */ = {isa = PBXBuildFile; fileRef = FA828B8B0F90901100B59FF8 /* MessageCell.xib */; };
		FA828B900F90906500B59FF8 /* MessageCell.m in Sources */ = {isa = PBXBuildFile; fileRef = FA828B8F0F90906500B59FF8 /* MessageCell.m */; };
		FA87BD680F7AE96B0044898C /* SettingsViewController.m in Sources */ = {isa = PBXBuildFile; fileRef = FA87BD670F7AE96B0044898C /* SettingsViewController.m */; };
		FA87BD6B0F7AE97F0044898C /* SettingsViewController.xib in Resources */ = {isa = PBXBuildFile; fileRef = FA87BD6A0F7AE97F0044898C /* SettingsViewController.xib */; };
		FA87BE1C0F7B0A9E0044898C /* CellBackgroundLight.png in Resources */ = {isa = PBXBuildFile; fileRef = FA87BE1B0F7B0A9E0044898C /* CellBackgroundLight.png */; };
		FA87BE510F7B174C0044898C /* ComposeViewController.xib in Resources */ = {isa = PBXBuildFile; fileRef = FA87BE500F7B174C0044898C /* ComposeViewController.xib */; };
		FA87BE820F7B182D0044898C /* Button.png in Resources */ = {isa = PBXBuildFile; fileRef = FA87BE7B0F7B182D0044898C /* Button.png */; };
		FA87BE830F7B182D0044898C /* ButtonCode.png in Resources */ = {isa = PBXBuildFile; fileRef = FA87BE7C0F7B182D0044898C /* ButtonCode.png */; };
		FA87BE840F7B182D0044898C /* ButtonContentSpoiler.png in Resources */ = {isa = PBXBuildFile; fileRef = FA87BE7D0F7B182D0044898C /* ButtonContentSpoiler.png */; };
		FA87BE850F7B182D0044898C /* ButtonPushed.png in Resources */ = {isa = PBXBuildFile; fileRef = FA87BE7E0F7B182D0044898C /* ButtonPushed.png */; };
		FA87BE860F7B182D0044898C /* ButtonSend.png in Resources */ = {isa = PBXBuildFile; fileRef = FA87BE7F0F7B182D0044898C /* ButtonSend.png */; };
		FA87BE870F7B182D0044898C /* ButtonStrike.png in Resources */ = {isa = PBXBuildFile; fileRef = FA87BE800F7B182D0044898C /* ButtonStrike.png */; };
		FA87BE880F7B182D0044898C /* ButtonUnderline.png in Resources */ = {isa = PBXBuildFile; fileRef = FA87BE810F7B182D0044898C /* ButtonUnderline.png */; };
		FA87BE8A0F7B18C60044898C /* NavButtonTags.png in Resources */ = {isa = PBXBuildFile; fileRef = FA87BE890F7B18C60044898C /* NavButtonTags.png */; };
		FA87BE8E0F7B1B9D0044898C /* ComposeViewController.m in Sources */ = {isa = PBXBuildFile; fileRef = FA87BE8D0F7B1B9D0044898C /* ComposeViewController.m */; };
		FA8D243E0F85848900AB23E2 /* Youtube.html in Resources */ = {isa = PBXBuildFile; fileRef = FA8D243D0F85848900AB23E2 /* Youtube.html */; };
		FA8D24FD0F8661D200AB23E2 /* left.png in Resources */ = {isa = PBXBuildFile; fileRef = FA8D24FB0F8661D200AB23E2 /* left.png */; };
		FA8D24FE0F8661D200AB23E2 /* right.png in Resources */ = {isa = PBXBuildFile; fileRef = FA8D24FC0F8661D200AB23E2 /* right.png */; };
		FA9C3ED00F9CEB1E0022A739 /* SearchViewController.xib in Resources */ = {isa = PBXBuildFile; fileRef = FA9C3ECF0F9CEB1E0022A739 /* SearchViewController.xib */; };
		FA9C3ED50F9CED010022A739 /* SearchViewController.m in Sources */ = {isa = PBXBuildFile; fileRef = FA9C3ED40F9CED010022A739 /* SearchViewController.m */; };
		FA9C3F170F9CFD580022A739 /* GrayButton.png in Resources */ = {isa = PBXBuildFile; fileRef = FA9C3F160F9CFD580022A739 /* GrayButton.png */; };
		FA9C3F190F9CFE130022A739 /* GrayButtonPressed.png in Resources */ = {isa = PBXBuildFile; fileRef = FA9C3F180F9CFE130022A739 /* GrayButtonPressed.png */; };
		FA9C3F220F9CFF0C0022A739 /* BlueButton.png in Resources */ = {isa = PBXBuildFile; fileRef = FA9C3F200F9CFF0C0022A739 /* BlueButton.png */; };
		FA9C3F230F9CFF0C0022A739 /* BlueButtonPressed.png in Resources */ = {isa = PBXBuildFile; fileRef = FA9C3F210F9CFF0C0022A739 /* BlueButtonPressed.png */; };
		FAA1E01E0FF2F3CE002714B6 /* NewPostBullet.png in Resources */ = {isa = PBXBuildFile; fileRef = FAA1E01D0FF2F3CE002714B6 /* NewPostBullet.png */; };
		FAA849980F78C29900026446 /* ThreadViewController.m in Sources */ = {isa = PBXBuildFile; fileRef = FAA849970F78C29900026446 /* ThreadViewController.m */; };
		FAA8499A0F78C2B000026446 /* ThreadViewController.xib in Resources */ = {isa = PBXBuildFile; fileRef = FAA849990F78C2B000026446 /* ThreadViewController.xib */; };
		FAA84AFA0F78DCB300026446 /* ReplyCell.xib in Resources */ = {isa = PBXBuildFile; fileRef = FAA84AF90F78DCB300026446 /* ReplyCell.xib */; };
		FAA84AFF0F78DD9F00026446 /* ReplyCell.m in Sources */ = {isa = PBXBuildFile; fileRef = FAA84AFE0F78DD9F00026446 /* ReplyCell.m */; };
		FAB1B6420F8FBF390021896A /* Message.m in Sources */ = {isa = PBXBuildFile; fileRef = FAB1B6410F8FBF390021896A /* Message.m */; };
		FAB2F8700F7985FB000E4DC9 /* GrippyBar.m in Sources */ = {isa = PBXBuildFile; fileRef = FAB2F86F0F7985FB000E4DC9 /* GrippyBar.m */; };
		FAB765E50F7C9D5800CE0E38 /* BrowserViewController.xib in Resources */ = {isa = PBXBuildFile; fileRef = FAB765E40F7C9D5800CE0E38 /* BrowserViewController.xib */; };
		FAB765EE0F7C9DEB00CE0E38 /* DragonDrop.png in Resources */ = {isa = PBXBuildFile; fileRef = FAB765ED0F7C9DEB00CE0E38 /* DragonDrop.png */; };
		FAB765F60F7C9E5B00CE0E38 /* BrowserViewController.m in Sources */ = {isa = PBXBuildFile; fileRef = FAB765F50F7C9E5B00CE0E38 /* BrowserViewController.m */; };
		FABA5D430F717A28008EEE3A /* StringAdditions.m in Sources */ = {isa = PBXBuildFile; fileRef = FABA5D420F717A28008EEE3A /* StringAdditions.m */; };
		FABA5D470F717B60008EEE3A /* HTMLEscaper.m in Sources */ = {isa = PBXBuildFile; fileRef = FABA5D460F717B60008EEE3A /* HTMLEscaper.m */; };
		FABA5DBD0F71802E008EEE3A /* Post.html in Resources */ = {isa = PBXBuildFile; fileRef = FABA5DBC0F71802E008EEE3A /* Post.html */; };
		FABA5DBF0F718042008EEE3A /* Stylesheet.css in Resources */ = {isa = PBXBuildFile; fileRef = FABA5DBE0F718042008EEE3A /* Stylesheet.css */; };
		FABA5DC20F718086008EEE3A /* StringTemplate.m in Sources */ = {isa = PBXBuildFile; fileRef = FABA5DC10F718086008EEE3A /* StringTemplate.m */; };
		FABA5E210F7185CC008EEE3A /* Story.html in Resources */ = {isa = PBXBuildFile; fileRef = FABA5E200F7185CC008EEE3A /* Story.html */; };
		FACD9A7C0F9E2F33009D9A15 /* SearchResultsViewController.m in Sources */ = {isa = PBXBuildFile; fileRef = FACD9A7B0F9E2F33009D9A15 /* SearchResultsViewController.m */; };
		FACD9A7E0F9E2F49009D9A15 /* SearchResultsViewController.xib in Resources */ = {isa = PBXBuildFile; fileRef = FACD9A7D0F9E2F49009D9A15 /* SearchResultsViewController.xib */; };
		FAD26D8B0F7EDFE0001A76F6 /* RefreshIcon.png in Resources */ = {isa = PBXBuildFile; fileRef = FAD26D8A0F7EDFE0001A76F6 /* RefreshIcon.png */; };
		FAD26D910F7EE0A5001A76F6 /* TagIcon.png in Resources */ = {isa = PBXBuildFile; fileRef = FAD26D900F7EE0A5001A76F6 /* TagIcon.png */; };
		FAD29A540F79621C006E14A2 /* GrippyBar.png in Resources */ = {isa = PBXBuildFile; fileRef = FAD29A520F79621C006E14A2 /* GrippyBar.png */; };
		FAD29A550F79621C006E14A2 /* GrippyBarBackground.png in Resources */ = {isa = PBXBuildFile; fileRef = FAD29A530F79621C006E14A2 /* GrippyBarBackground.png */; };
		FAD29A610F796452006E14A2 /* DropShadow.png in Resources */ = {isa = PBXBuildFile; fileRef = FAD29A600F796452006E14A2 /* DropShadow.png */; };
		FAD29AD50F796A22006E14A2 /* RegexKitLite.m in Sources */ = {isa = PBXBuildFile; fileRef = FAD29AD40F796A22006E14A2 /* RegexKitLite.m */; };
		FAD4EB510F96797900E74FED /* MessageViewController.m in Sources */ = {isa = PBXBuildFile; fileRef = FAD4EB500F96797900E74FED /* MessageViewController.m */; };
		FAD4EB540F96798800E74FED /* MessageViewController.xib in Resources */ = {isa = PBXBuildFile; fileRef = FAD4EB530F96798800E74FED /* MessageViewController.xib */; };
		FADDB5200F814B5200DF3650 /* Default.png in Resources */ = {isa = PBXBuildFile; fileRef = FADDB51E0F814B5200DF3650 /* Default.png */; };
		FADDB5210F814B5200DF3650 /* Icon.png in Resources */ = {isa = PBXBuildFile; fileRef = FADDB51F0F814B5200DF3650 /* Icon.png */; };
		FAF0781B10087B530029D2AD /* push.caf in Resources */ = {isa = PBXBuildFile; fileRef = FAF0781A10087B530029D2AD /* push.caf */; };
		FAF9F427114F2C3C00AEB205 /* CGRect+HelperKit.m in Sources */ = {isa = PBXBuildFile; fileRef = FAF9F40D114F2C3C00AEB205 /* CGRect+HelperKit.m */; };
		FAF9F428114F2C3C00AEB205 /* NSString+HelperKit.m in Sources */ = {isa = PBXBuildFile; fileRef = FAF9F410114F2C3C00AEB205 /* NSString+HelperKit.m */; };
		FAF9F429114F2C3C00AEB205 /* NSURL+HelperKit.m in Sources */ = {isa = PBXBuildFile; fileRef = FAF9F412114F2C3C00AEB205 /* NSURL+HelperKit.m */; };
		FAF9F42A114F2C3C00AEB205 /* NSURLRequest+HelperKit.m in Sources */ = {isa = PBXBuildFile; fileRef = FAF9F414114F2C3C00AEB205 /* NSURLRequest+HelperKit.m */; };
		FAF9F42B114F2C3C00AEB205 /* README.markdown in Resources */ = {isa = PBXBuildFile; fileRef = FAF9F415114F2C3C00AEB205 /* README.markdown */; };
		FAF9F42C114F2C3C00AEB205 /* Todo.txt in Resources */ = {isa = PBXBuildFile; fileRef = FAF9F416114F2C3C00AEB205 /* Todo.txt */; };
		FAF9F42D114F2C3C00AEB205 /* UIAlertView+HelperKit.m in Sources */ = {isa = PBXBuildFile; fileRef = FAF9F418114F2C3C00AEB205 /* UIAlertView+HelperKit.m */; };
		FAF9F42E114F2C3C00AEB205 /* UIBarButtonItem+HelperKit.m in Sources */ = {isa = PBXBuildFile; fileRef = FAF9F41A114F2C3C00AEB205 /* UIBarButtonItem+HelperKit.m */; };
		FAF9F42F114F2C3C00AEB205 /* UIImage+HelperKit.m in Sources */ = {isa = PBXBuildFile; fileRef = FAF9F41C114F2C3C00AEB205 /* UIImage+HelperKit.m */; };
		FAF9F430114F2C3C00AEB205 /* UIImageView+HelperKit.m in Sources */ = {isa = PBXBuildFile; fileRef = FAF9F41E114F2C3C00AEB205 /* UIImageView+HelperKit.m */; };
		FAF9F431114F2C3C00AEB205 /* UINavigationController+HelperKit.m in Sources */ = {isa = PBXBuildFile; fileRef = FAF9F420114F2C3C00AEB205 /* UINavigationController+HelperKit.m */; };
		FAF9F432114F2C3C00AEB205 /* UITableView+HelperKit.m in Sources */ = {isa = PBXBuildFile; fileRef = FAF9F422114F2C3C00AEB205 /* UITableView+HelperKit.m */; };
		FAF9F433114F2C3C00AEB205 /* UIView+HelperKit.m in Sources */ = {isa = PBXBuildFile; fileRef = FAF9F424114F2C3C00AEB205 /* UIView+HelperKit.m */; };
		FAF9F434114F2C3C00AEB205 /* UIViewController+HelperKit.m in Sources */ = {isa = PBXBuildFile; fileRef = FAF9F426114F2C3C00AEB205 /* UIViewController+HelperKit.m */; };
/* End PBXBuildFile section */

/* Begin PBXFileReference section */
		1D30AB110D05D00D00671497 /* Foundation.framework */ = {isa = PBXFileReference; lastKnownFileType = wrapper.framework; name = Foundation.framework; path = System/Library/Frameworks/Foundation.framework; sourceTree = SDKROOT; };
		1D3623240D0F684500981E51 /* LatestChatty2AppDelegate.h */ = {isa = PBXFileReference; fileEncoding = 4; lastKnownFileType = sourcecode.c.h; path = LatestChatty2AppDelegate.h; sourceTree = "<group>"; };
		1D3623250D0F684500981E51 /* LatestChatty2AppDelegate.m */ = {isa = PBXFileReference; fileEncoding = 4; lastKnownFileType = sourcecode.c.objc; path = LatestChatty2AppDelegate.m; sourceTree = "<group>"; };
		1D6058910D05DD3D006BFB54 /* LatestChatty.app */ = {isa = PBXFileReference; explicitFileType = wrapper.application; includeInIndex = 0; path = LatestChatty.app; sourceTree = BUILT_PRODUCTS_DIR; };
		1DF5F4DF0D08C38300B7A737 /* UIKit.framework */ = {isa = PBXFileReference; lastKnownFileType = wrapper.framework; name = UIKit.framework; path = System/Library/Frameworks/UIKit.framework; sourceTree = SDKROOT; };
		2892E40F0DC94CBA00A64D0F /* CoreGraphics.framework */ = {isa = PBXFileReference; lastKnownFileType = wrapper.framework; name = CoreGraphics.framework; path = System/Library/Frameworks/CoreGraphics.framework; sourceTree = SDKROOT; };
		2899E55F0DE3E45000AC0155 /* StoriesViewController.xib */ = {isa = PBXFileReference; lastKnownFileType = file.xib; name = StoriesViewController.xib; path = ../StoriesViewController.xib; sourceTree = "<group>"; };
		28A0AAE50D9B0CCF005BE974 /* LatestChatty2_Prefix.pch */ = {isa = PBXFileReference; fileEncoding = 4; lastKnownFileType = sourcecode.c.h; path = LatestChatty2_Prefix.pch; sourceTree = "<group>"; };
		28AD735F0D9D9599002E5188 /* MainWindow.xib */ = {isa = PBXFileReference; lastKnownFileType = file.xib; path = MainWindow.xib; sourceTree = "<group>"; };
		28C286DF0D94DF7D0034E888 /* StoriesViewController.h */ = {isa = PBXFileReference; fileEncoding = 4; lastKnownFileType = sourcecode.c.h; path = StoriesViewController.h; sourceTree = "<group>"; };
		28C286E00D94DF7D0034E888 /* StoriesViewController.m */ = {isa = PBXFileReference; fileEncoding = 4; lastKnownFileType = sourcecode.c.objc; path = StoriesViewController.m; sourceTree = "<group>"; };
		29B97316FDCFA39411CA2CEA /* main.m */ = {isa = PBXFileReference; fileEncoding = 4; lastKnownFileType = sourcecode.c.objc; path = main.m; sourceTree = "<group>"; };
		5907C58410A699A70028D630 /* ASIAuthenticationDialog.h */ = {isa = PBXFileReference; fileEncoding = 4; lastKnownFileType = sourcecode.c.h; path = ASIAuthenticationDialog.h; sourceTree = "<group>"; };
		5907C58510A699A70028D630 /* ASIAuthenticationDialog.m */ = {isa = PBXFileReference; fileEncoding = 4; lastKnownFileType = sourcecode.c.objc; path = ASIAuthenticationDialog.m; sourceTree = "<group>"; };
		5907C58610A699A70028D630 /* ASIFormDataRequest.h */ = {isa = PBXFileReference; fileEncoding = 4; lastKnownFileType = sourcecode.c.h; path = ASIFormDataRequest.h; sourceTree = "<group>"; };
		5907C58710A699A70028D630 /* ASIFormDataRequest.m */ = {isa = PBXFileReference; fileEncoding = 4; lastKnownFileType = sourcecode.c.objc; path = ASIFormDataRequest.m; sourceTree = "<group>"; };
		5907C58810A699A70028D630 /* ASIHTTPRequest.h */ = {isa = PBXFileReference; fileEncoding = 4; lastKnownFileType = sourcecode.c.h; path = ASIHTTPRequest.h; sourceTree = "<group>"; };
		5907C58910A699A70028D630 /* ASIHTTPRequest.m */ = {isa = PBXFileReference; fileEncoding = 4; lastKnownFileType = sourcecode.c.objc; path = ASIHTTPRequest.m; sourceTree = "<group>"; };
		5907C58A10A699A70028D630 /* ASIInputStream.h */ = {isa = PBXFileReference; fileEncoding = 4; lastKnownFileType = sourcecode.c.h; path = ASIInputStream.h; sourceTree = "<group>"; };
		5907C58B10A699A70028D630 /* ASIInputStream.m */ = {isa = PBXFileReference; fileEncoding = 4; lastKnownFileType = sourcecode.c.objc; path = ASIInputStream.m; sourceTree = "<group>"; };
		5907C58C10A699A70028D630 /* ASINetworkQueue.h */ = {isa = PBXFileReference; fileEncoding = 4; lastKnownFileType = sourcecode.c.h; path = ASINetworkQueue.h; sourceTree = "<group>"; };
		5907C58D10A699A70028D630 /* ASINetworkQueue.m */ = {isa = PBXFileReference; fileEncoding = 4; lastKnownFileType = sourcecode.c.objc; path = ASINetworkQueue.m; sourceTree = "<group>"; };
		5907C58E10A699A70028D630 /* ASINSStringAdditions.h */ = {isa = PBXFileReference; fileEncoding = 4; lastKnownFileType = sourcecode.c.h; path = ASINSStringAdditions.h; sourceTree = "<group>"; };
		5907C58F10A699A70028D630 /* ASINSStringAdditions.m */ = {isa = PBXFileReference; fileEncoding = 4; lastKnownFileType = sourcecode.c.objc; path = ASINSStringAdditions.m; sourceTree = "<group>"; };
		5907C59010A699A70028D630 /* ASIS3BucketObject.h */ = {isa = PBXFileReference; fileEncoding = 4; lastKnownFileType = sourcecode.c.h; path = ASIS3BucketObject.h; sourceTree = "<group>"; };
		5907C59110A699A70028D630 /* ASIS3BucketObject.m */ = {isa = PBXFileReference; fileEncoding = 4; lastKnownFileType = sourcecode.c.objc; path = ASIS3BucketObject.m; sourceTree = "<group>"; };
		5907C59210A699A70028D630 /* ASIS3ListRequest.h */ = {isa = PBXFileReference; fileEncoding = 4; lastKnownFileType = sourcecode.c.h; path = ASIS3ListRequest.h; sourceTree = "<group>"; };
		5907C59310A699A70028D630 /* ASIS3ListRequest.m */ = {isa = PBXFileReference; fileEncoding = 4; lastKnownFileType = sourcecode.c.objc; path = ASIS3ListRequest.m; sourceTree = "<group>"; };
		5907C59410A699A70028D630 /* ASIS3Request.h */ = {isa = PBXFileReference; fileEncoding = 4; lastKnownFileType = sourcecode.c.h; path = ASIS3Request.h; sourceTree = "<group>"; };
		5907C59510A699A70028D630 /* ASIS3Request.m */ = {isa = PBXFileReference; fileEncoding = 4; lastKnownFileType = sourcecode.c.objc; path = ASIS3Request.m; sourceTree = "<group>"; };
		5907C5A310A699DB0028D630 /* Reachability.h */ = {isa = PBXFileReference; fileEncoding = 4; lastKnownFileType = sourcecode.c.h; path = Reachability.h; sourceTree = "<group>"; };
		5907C5A410A699DB0028D630 /* Reachability.m */ = {isa = PBXFileReference; fileEncoding = 4; lastKnownFileType = sourcecode.c.objc; path = Reachability.m; sourceTree = "<group>"; };
		5907C5AC10A69A0A0028D630 /* CFNetwork.framework */ = {isa = PBXFileReference; lastKnownFileType = wrapper.framework; name = CFNetwork.framework; path = System/Library/Frameworks/CFNetwork.framework; sourceTree = SDKROOT; };
		5907C5AE10A69A0A0028D630 /* SystemConfiguration.framework */ = {isa = PBXFileReference; lastKnownFileType = wrapper.framework; name = SystemConfiguration.framework; path = System/Library/Frameworks/SystemConfiguration.framework; sourceTree = SDKROOT; };
		5907C5B610A69A190028D630 /* libz.dylib */ = {isa = PBXFileReference; lastKnownFileType = "compiled.mach-o.dylib"; name = libz.dylib; path = usr/lib/libz.dylib; sourceTree = SDKROOT; };
		599FF0E910D5DDC1004476B8 /* JSON.h */ = {isa = PBXFileReference; fileEncoding = 4; lastKnownFileType = sourcecode.c.h; path = JSON.h; sourceTree = "<group>"; };
		599FF0EA10D5DDC1004476B8 /* NSObject+SBJSON.h */ = {isa = PBXFileReference; fileEncoding = 4; lastKnownFileType = sourcecode.c.h; path = "NSObject+SBJSON.h"; sourceTree = "<group>"; };
		599FF0EB10D5DDC1004476B8 /* NSObject+SBJSON.m */ = {isa = PBXFileReference; fileEncoding = 4; lastKnownFileType = sourcecode.c.objc; path = "NSObject+SBJSON.m"; sourceTree = "<group>"; };
		599FF0EC10D5DDC1004476B8 /* NSString+SBJSON.h */ = {isa = PBXFileReference; fileEncoding = 4; lastKnownFileType = sourcecode.c.h; path = "NSString+SBJSON.h"; sourceTree = "<group>"; };
		599FF0ED10D5DDC1004476B8 /* NSString+SBJSON.m */ = {isa = PBXFileReference; fileEncoding = 4; lastKnownFileType = sourcecode.c.objc; path = "NSString+SBJSON.m"; sourceTree = "<group>"; };
		599FF0EE10D5DDC1004476B8 /* SBJSON.h */ = {isa = PBXFileReference; fileEncoding = 4; lastKnownFileType = sourcecode.c.h; path = SBJSON.h; sourceTree = "<group>"; };
		599FF0EF10D5DDC1004476B8 /* SBJSON.m */ = {isa = PBXFileReference; fileEncoding = 4; lastKnownFileType = sourcecode.c.objc; path = SBJSON.m; sourceTree = "<group>"; };
		599FF0F010D5DDC1004476B8 /* SBJsonBase.h */ = {isa = PBXFileReference; fileEncoding = 4; lastKnownFileType = sourcecode.c.h; path = SBJsonBase.h; sourceTree = "<group>"; };
		599FF0F110D5DDC1004476B8 /* SBJsonBase.m */ = {isa = PBXFileReference; fileEncoding = 4; lastKnownFileType = sourcecode.c.objc; path = SBJsonBase.m; sourceTree = "<group>"; };
		599FF0F210D5DDC1004476B8 /* SBJsonParser.h */ = {isa = PBXFileReference; fileEncoding = 4; lastKnownFileType = sourcecode.c.h; path = SBJsonParser.h; sourceTree = "<group>"; };
		599FF0F310D5DDC1004476B8 /* SBJsonParser.m */ = {isa = PBXFileReference; fileEncoding = 4; lastKnownFileType = sourcecode.c.objc; path = SBJsonParser.m; sourceTree = "<group>"; };
		599FF0F410D5DDC1004476B8 /* SBJsonWriter.h */ = {isa = PBXFileReference; fileEncoding = 4; lastKnownFileType = sourcecode.c.h; path = SBJsonWriter.h; sourceTree = "<group>"; };
		599FF0F510D5DDC1004476B8 /* SBJsonWriter.m */ = {isa = PBXFileReference; fileEncoding = 4; lastKnownFileType = sourcecode.c.objc; path = SBJsonWriter.m; sourceTree = "<group>"; };
		8D1107310486CEB800E47090 /* Info.plist */ = {isa = PBXFileReference; fileEncoding = 4; lastKnownFileType = text.plist.xml; path = Info.plist; sourceTree = "<group>"; };
		FA04800B0F70BD0500F752A6 /* Post.h */ = {isa = PBXFileReference; fileEncoding = 4; lastKnownFileType = sourcecode.c.h; path = Post.h; sourceTree = "<group>"; };
		FA04800C0F70BD0500F752A6 /* Post.m */ = {isa = PBXFileReference; fileEncoding = 4; lastKnownFileType = sourcecode.c.objc; path = Post.m; sourceTree = "<group>"; };
		FA0481200F70D10300F752A6 /* ChattyViewController.h */ = {isa = PBXFileReference; fileEncoding = 4; lastKnownFileType = sourcecode.c.h; path = ChattyViewController.h; sourceTree = "<group>"; };
		FA0481210F70D10300F752A6 /* ChattyViewController.m */ = {isa = PBXFileReference; fileEncoding = 4; lastKnownFileType = sourcecode.c.objc; path = ChattyViewController.m; sourceTree = "<group>"; };
		FA08ADB1112B40E800B89890 /* Mod.h */ = {isa = PBXFileReference; fileEncoding = 4; lastKnownFileType = sourcecode.c.h; path = Mod.h; sourceTree = "<group>"; };
		FA08ADB2112B40E800B89890 /* Mod.m */ = {isa = PBXFileReference; fileEncoding = 4; lastKnownFileType = sourcecode.c.objc; path = Mod.m; sourceTree = "<group>"; };
		FA08ADBF112B412500B89890 /* ModGavel.png */ = {isa = PBXFileReference; lastKnownFileType = image.png; name = ModGavel.png; path = Assets/ModGavel.png; sourceTree = "<group>"; };
		FA1E7D650F787FEF00BAA55B /* ModelLoader.h */ = {isa = PBXFileReference; fileEncoding = 4; lastKnownFileType = sourcecode.c.h; path = ModelLoader.h; sourceTree = "<group>"; };
		FA1E7D660F787FEF00BAA55B /* ModelLoader.m */ = {isa = PBXFileReference; fileEncoding = 4; lastKnownFileType = sourcecode.c.objc; path = ModelLoader.m; sourceTree = "<group>"; };
		FA2260520F8EE251002F77DD /* Settings.bundle */ = {isa = PBXFileReference; lastKnownFileType = "wrapper.plug-in"; path = Settings.bundle; sourceTree = "<group>"; };
		FA26AD060F80F85B00EB5FF0 /* Tag.h */ = {isa = PBXFileReference; fileEncoding = 4; lastKnownFileType = sourcecode.c.h; path = Tag.h; sourceTree = "<group>"; };
		FA26AD070F80F85C00EB5FF0 /* Tag.m */ = {isa = PBXFileReference; fileEncoding = 4; lastKnownFileType = sourcecode.c.objc; path = Tag.m; sourceTree = "<group>"; };
		FA2B458E0F7D95710074064A /* BlueBullet.png */ = {isa = PBXFileReference; lastKnownFileType = image.png; name = BlueBullet.png; path = Assets/BlueBullet.png; sourceTree = "<group>"; };
		FA2B45900F7D96060074064A /* GrayBullet.png */ = {isa = PBXFileReference; lastKnownFileType = image.png; name = GrayBullet.png; path = Assets/GrayBullet.png; sourceTree = "<group>"; };
		FA2B47510F7E1DA30074064A /* NSDataAdditions.h */ = {isa = PBXFileReference; fileEncoding = 4; lastKnownFileType = sourcecode.c.h; path = NSDataAdditions.h; sourceTree = "<group>"; };
		FA2B47520F7E1DA30074064A /* NSDataAdditions.m */ = {isa = PBXFileReference; fileEncoding = 4; lastKnownFileType = sourcecode.c.objc; path = NSDataAdditions.m; sourceTree = "<group>"; };
		FA2B47530F7E1DA30074064A /* NSStringAdditions.m */ = {isa = PBXFileReference; fileEncoding = 4; lastKnownFileType = sourcecode.c.objc; path = NSStringAdditions.m; sourceTree = "<group>"; };
		FA2B47540F7E1DA30074064A /* NSStringAdditions.h */ = {isa = PBXFileReference; fileEncoding = 4; lastKnownFileType = sourcecode.c.h; path = NSStringAdditions.h; sourceTree = "<group>"; };
		FA2B475A0F7E1DDB0074064A /* Image.h */ = {isa = PBXFileReference; fileEncoding = 4; lastKnownFileType = sourcecode.c.h; path = Image.h; sourceTree = "<group>"; };
		FA2B475B0F7E1DDB0074064A /* Image.m */ = {isa = PBXFileReference; fileEncoding = 4; lastKnownFileType = sourcecode.c.objc; path = Image.m; sourceTree = "<group>"; };
		FA2B47C10F7E2E790074064A /* Camera.png */ = {isa = PBXFileReference; lastKnownFileType = image.png; path = Camera.png; sourceTree = "<group>"; };
		FA2ECCC00F9D4FED00912BE4 /* Lock.16.png */ = {isa = PBXFileReference; lastKnownFileType = image.png; name = Lock.16.png; path = Assets/Lock.16.png; sourceTree = "<group>"; };
		FA4122E50F8FDCFD002E1978 /* MessagesIcon.48.png */ = {isa = PBXFileReference; lastKnownFileType = image.png; name = MessagesIcon.48.png; path = Assets/MessagesIcon.48.png; sourceTree = "<group>"; };
		FA4122E60F8FDCFD002E1978 /* SearchIcon.48.png */ = {isa = PBXFileReference; lastKnownFileType = image.png; name = SearchIcon.48.png; path = Assets/SearchIcon.48.png; sourceTree = "<group>"; };
		FA4122E70F8FDCFD002E1978 /* StoriesIcon.48.png */ = {isa = PBXFileReference; lastKnownFileType = image.png; name = StoriesIcon.48.png; path = Assets/StoriesIcon.48.png; sourceTree = "<group>"; };
		FA4122FD0F8FDDE9002E1978 /* RootCell.xib */ = {isa = PBXFileReference; lastKnownFileType = file.xib; path = RootCell.xib; sourceTree = "<group>"; };
		FA4123000F8FDF06002E1978 /* RootCell.h */ = {isa = PBXFileReference; fileEncoding = 4; lastKnownFileType = sourcecode.c.h; path = RootCell.h; sourceTree = "<group>"; };
		FA4123010F8FDF06002E1978 /* RootCell.m */ = {isa = PBXFileReference; fileEncoding = 4; lastKnownFileType = sourcecode.c.objc; path = RootCell.m; sourceTree = "<group>"; };
		FA4123040F8FE08B002E1978 /* RootViewController.h */ = {isa = PBXFileReference; fileEncoding = 4; lastKnownFileType = sourcecode.c.h; path = RootViewController.h; sourceTree = "<group>"; };
		FA4123050F8FE08B002E1978 /* RootViewController.m */ = {isa = PBXFileReference; fileEncoding = 4; lastKnownFileType = sourcecode.c.objc; path = RootViewController.m; sourceTree = "<group>"; };
		FA4123070F8FE09E002E1978 /* RootViewController.xib */ = {isa = PBXFileReference; lastKnownFileType = file.xib; path = RootViewController.xib; sourceTree = "<group>"; };
		FA4123A40F8FE584002E1978 /* AboutIcon.48.png */ = {isa = PBXFileReference; lastKnownFileType = image.png; name = AboutIcon.48.png; path = Assets/AboutIcon.48.png; sourceTree = "<group>"; };
		FA4124120F8FECED002E1978 /* SettingsIcon.48.png */ = {isa = PBXFileReference; lastKnownFileType = image.png; name = SettingsIcon.48.png; path = Assets/SettingsIcon.48.png; sourceTree = "<group>"; };
		FA4124530F8FEFF1002E1978 /* MessagesViewController.xib */ = {isa = PBXFileReference; lastKnownFileType = file.xib; path = MessagesViewController.xib; sourceTree = "<group>"; };
		FA4124560F8FF059002E1978 /* MessagesViewController.h */ = {isa = PBXFileReference; fileEncoding = 4; lastKnownFileType = sourcecode.c.h; path = MessagesViewController.h; sourceTree = "<group>"; };
		FA4124570F8FF059002E1978 /* MessagesViewController.m */ = {isa = PBXFileReference; fileEncoding = 4; lastKnownFileType = sourcecode.c.objc; path = MessagesViewController.m; sourceTree = "<group>"; };
		FA56C87B114B5A5F006A493B /* ImageViewController.h */ = {isa = PBXFileReference; fileEncoding = 4; lastKnownFileType = sourcecode.c.h; path = ImageViewController.h; sourceTree = "<group>"; };
		FA56C87C114B5A5F006A493B /* ImageViewController.m */ = {isa = PBXFileReference; fileEncoding = 4; lastKnownFileType = sourcecode.c.objc; path = ImageViewController.m; sourceTree = "<group>"; };
		FA56C87D114B5A5F006A493B /* ImageViewController.xib */ = {isa = PBXFileReference; lastKnownFileType = file.xib; path = ImageViewController.xib; sourceTree = "<group>"; };
		FA56C8B5114B5FBC006A493B /* QuartzCore.framework */ = {isa = PBXFileReference; lastKnownFileType = wrapper.framework; name = QuartzCore.framework; path = System/Library/Frameworks/QuartzCore.framework; sourceTree = SDKROOT; };
		FA5DA7750F7284CB00F05ED9 /* ModelListViewController.h */ = {isa = PBXFileReference; fileEncoding = 4; lastKnownFileType = sourcecode.c.h; path = ModelListViewController.h; sourceTree = "<group>"; };
		FA5DA7760F7284CB00F05ED9 /* ModelListViewController.m */ = {isa = PBXFileReference; fileEncoding = 4; lastKnownFileType = sourcecode.c.objc; path = ModelListViewController.m; sourceTree = "<group>"; };
		FA5DA8A90F72A3EA00F05ED9 /* SettingsIcon.24.png */ = {isa = PBXFileReference; lastKnownFileType = image.png; name = SettingsIcon.24.png; path = Assets/SettingsIcon.24.png; sourceTree = "<group>"; };
		FA5FCD140F6F61A600878F27 /* Model.h */ = {isa = PBXFileReference; fileEncoding = 4; lastKnownFileType = sourcecode.c.h; path = Model.h; sourceTree = "<group>"; };
		FA5FCD150F6F61A600878F27 /* Model.m */ = {isa = PBXFileReference; fileEncoding = 4; lastKnownFileType = sourcecode.c.objc; path = Model.m; sourceTree = "<group>"; };
		FA5FCD1C0F6F63AC00878F27 /* ModelLoadingDelegate.h */ = {isa = PBXFileReference; fileEncoding = 4; lastKnownFileType = sourcecode.c.h; path = ModelLoadingDelegate.h; sourceTree = "<group>"; };
		FA5FCDAA0F6F6FDF00878F27 /* Story.h */ = {isa = PBXFileReference; fileEncoding = 4; lastKnownFileType = sourcecode.c.h; path = Story.h; sourceTree = "<group>"; };
		FA5FCDAB0F6F6FDF00878F27 /* Story.m */ = {isa = PBXFileReference; fileEncoding = 4; lastKnownFileType = sourcecode.c.objc; path = Story.m; sourceTree = "<group>"; };
		FA5FCE8B0F6F7B6A00878F27 /* TableCellFromNib.h */ = {isa = PBXFileReference; fileEncoding = 4; lastKnownFileType = sourcecode.c.h; path = TableCellFromNib.h; sourceTree = "<group>"; };
		FA5FCE8C0F6F7B6A00878F27 /* TableCellFromNib.m */ = {isa = PBXFileReference; fileEncoding = 4; lastKnownFileType = sourcecode.c.objc; path = TableCellFromNib.m; sourceTree = "<group>"; };
		FA5FCE910F6F7CA600878F27 /* StoryCell.h */ = {isa = PBXFileReference; fileEncoding = 4; lastKnownFileType = sourcecode.c.h; path = StoryCell.h; sourceTree = "<group>"; };
		FA5FCE920F6F7CA600878F27 /* StoryCell.m */ = {isa = PBXFileReference; fileEncoding = 4; lastKnownFileType = sourcecode.c.objc; path = StoryCell.m; sourceTree = "<group>"; };
		FA5FCE940F6F7CB600878F27 /* StoryCell.xib */ = {isa = PBXFileReference; lastKnownFileType = file.xib; path = StoryCell.xib; sourceTree = "<group>"; };
		FA5FD0550F7014BD00878F27 /* CellBackground.png */ = {isa = PBXFileReference; lastKnownFileType = image.png; name = CellBackground.png; path = Assets/CellBackground.png; sourceTree = "<group>"; };
		FA6EDD310F70D56B00AAF4E4 /* ChattyViewController.xib */ = {isa = PBXFileReference; lastKnownFileType = file.xib; path = ChattyViewController.xib; sourceTree = "<group>"; };
		FA6EDD690F70D95A00AAF4E4 /* ThreadCell.xib */ = {isa = PBXFileReference; lastKnownFileType = file.xib; path = ThreadCell.xib; sourceTree = "<group>"; };
		FA6EDD6D0F70DA0400AAF4E4 /* ThreadCell.h */ = {isa = PBXFileReference; fileEncoding = 4; lastKnownFileType = sourcecode.c.h; path = ThreadCell.h; sourceTree = "<group>"; };
		FA6EDD6E0F70DA0400AAF4E4 /* ThreadCell.m */ = {isa = PBXFileReference; fileEncoding = 4; lastKnownFileType = sourcecode.c.objc; path = ThreadCell.m; sourceTree = "<group>"; };
		FA6EDDDC0F70E0B400AAF4E4 /* ChatIcon.48.png */ = {isa = PBXFileReference; lastKnownFileType = image.png; name = ChatIcon.48.png; path = Assets/ChatIcon.48.png; sourceTree = "<group>"; };
		FA6EDE420F70EA6700AAF4E4 /* StoryViewController.xib */ = {isa = PBXFileReference; lastKnownFileType = file.xib; path = StoryViewController.xib; sourceTree = "<group>"; };
		FA6EDE460F70EB4900AAF4E4 /* StoryViewController.h */ = {isa = PBXFileReference; fileEncoding = 4; lastKnownFileType = sourcecode.c.h; path = StoryViewController.h; sourceTree = "<group>"; };
		FA6EDE470F70EB4900AAF4E4 /* StoryViewController.m */ = {isa = PBXFileReference; fileEncoding = 4; lastKnownFileType = sourcecode.c.objc; path = StoryViewController.m; sourceTree = "<group>"; };
		FA6EDE660F70EE1500AAF4E4 /* ChatIcon.24.png */ = {isa = PBXFileReference; lastKnownFileType = image.png; name = ChatIcon.24.png; path = Assets/ChatIcon.24.png; sourceTree = "<group>"; };
		FA828B8B0F90901100B59FF8 /* MessageCell.xib */ = {isa = PBXFileReference; lastKnownFileType = file.xib; path = MessageCell.xib; sourceTree = "<group>"; };
		FA828B8E0F90906500B59FF8 /* MessageCell.h */ = {isa = PBXFileReference; fileEncoding = 4; lastKnownFileType = sourcecode.c.h; path = MessageCell.h; sourceTree = "<group>"; };
		FA828B8F0F90906500B59FF8 /* MessageCell.m */ = {isa = PBXFileReference; fileEncoding = 4; lastKnownFileType = sourcecode.c.objc; path = MessageCell.m; sourceTree = "<group>"; };
		FA87BD660F7AE96B0044898C /* SettingsViewController.h */ = {isa = PBXFileReference; fileEncoding = 4; lastKnownFileType = sourcecode.c.h; path = SettingsViewController.h; sourceTree = "<group>"; };
		FA87BD670F7AE96B0044898C /* SettingsViewController.m */ = {isa = PBXFileReference; fileEncoding = 4; lastKnownFileType = sourcecode.c.objc; path = SettingsViewController.m; sourceTree = "<group>"; };
		FA87BD6A0F7AE97F0044898C /* SettingsViewController.xib */ = {isa = PBXFileReference; lastKnownFileType = file.xib; path = SettingsViewController.xib; sourceTree = "<group>"; };
		FA87BE1B0F7B0A9E0044898C /* CellBackgroundLight.png */ = {isa = PBXFileReference; lastKnownFileType = image.png; name = CellBackgroundLight.png; path = Assets/CellBackgroundLight.png; sourceTree = "<group>"; };
		FA87BE500F7B174C0044898C /* ComposeViewController.xib */ = {isa = PBXFileReference; lastKnownFileType = file.xib; path = ComposeViewController.xib; sourceTree = "<group>"; };
		FA87BE7B0F7B182D0044898C /* Button.png */ = {isa = PBXFileReference; lastKnownFileType = image.png; name = Button.png; path = Assets/Button.png; sourceTree = "<group>"; };
		FA87BE7C0F7B182D0044898C /* ButtonCode.png */ = {isa = PBXFileReference; lastKnownFileType = image.png; name = ButtonCode.png; path = Assets/ButtonCode.png; sourceTree = "<group>"; };
		FA87BE7D0F7B182D0044898C /* ButtonContentSpoiler.png */ = {isa = PBXFileReference; lastKnownFileType = image.png; name = ButtonContentSpoiler.png; path = Assets/ButtonContentSpoiler.png; sourceTree = "<group>"; };
		FA87BE7E0F7B182D0044898C /* ButtonPushed.png */ = {isa = PBXFileReference; lastKnownFileType = image.png; name = ButtonPushed.png; path = Assets/ButtonPushed.png; sourceTree = "<group>"; };
		FA87BE7F0F7B182D0044898C /* ButtonSend.png */ = {isa = PBXFileReference; lastKnownFileType = image.png; name = ButtonSend.png; path = Assets/ButtonSend.png; sourceTree = "<group>"; };
		FA87BE800F7B182D0044898C /* ButtonStrike.png */ = {isa = PBXFileReference; lastKnownFileType = image.png; name = ButtonStrike.png; path = Assets/ButtonStrike.png; sourceTree = "<group>"; };
		FA87BE810F7B182D0044898C /* ButtonUnderline.png */ = {isa = PBXFileReference; lastKnownFileType = image.png; name = ButtonUnderline.png; path = Assets/ButtonUnderline.png; sourceTree = "<group>"; };
		FA87BE890F7B18C60044898C /* NavButtonTags.png */ = {isa = PBXFileReference; lastKnownFileType = image.png; name = NavButtonTags.png; path = Assets/NavButtonTags.png; sourceTree = "<group>"; };
		FA87BE8C0F7B1B9D0044898C /* ComposeViewController.h */ = {isa = PBXFileReference; fileEncoding = 4; lastKnownFileType = sourcecode.c.h; path = ComposeViewController.h; sourceTree = "<group>"; };
		FA87BE8D0F7B1B9D0044898C /* ComposeViewController.m */ = {isa = PBXFileReference; fileEncoding = 4; lastKnownFileType = sourcecode.c.objc; path = ComposeViewController.m; sourceTree = "<group>"; };
		FA8D243D0F85848900AB23E2 /* Youtube.html */ = {isa = PBXFileReference; fileEncoding = 4; lastKnownFileType = text.html; path = Youtube.html; sourceTree = "<group>"; };
		FA8D24FB0F8661D200AB23E2 /* left.png */ = {isa = PBXFileReference; lastKnownFileType = image.png; path = left.png; sourceTree = "<group>"; };
		FA8D24FC0F8661D200AB23E2 /* right.png */ = {isa = PBXFileReference; lastKnownFileType = image.png; path = right.png; sourceTree = "<group>"; };
		FA9C3ECF0F9CEB1E0022A739 /* SearchViewController.xib */ = {isa = PBXFileReference; lastKnownFileType = file.xib; path = SearchViewController.xib; sourceTree = "<group>"; };
		FA9C3ED30F9CED010022A739 /* SearchViewController.h */ = {isa = PBXFileReference; fileEncoding = 4; lastKnownFileType = sourcecode.c.h; path = SearchViewController.h; sourceTree = "<group>"; };
		FA9C3ED40F9CED010022A739 /* SearchViewController.m */ = {isa = PBXFileReference; fileEncoding = 4; lastKnownFileType = sourcecode.c.objc; path = SearchViewController.m; sourceTree = "<group>"; };
		FA9C3F160F9CFD580022A739 /* GrayButton.png */ = {isa = PBXFileReference; lastKnownFileType = image.png; name = GrayButton.png; path = Assets/GrayButton.png; sourceTree = "<group>"; };
		FA9C3F180F9CFE130022A739 /* GrayButtonPressed.png */ = {isa = PBXFileReference; lastKnownFileType = image.png; name = GrayButtonPressed.png; path = Assets/GrayButtonPressed.png; sourceTree = "<group>"; };
		FA9C3F200F9CFF0C0022A739 /* BlueButton.png */ = {isa = PBXFileReference; lastKnownFileType = image.png; name = BlueButton.png; path = Assets/BlueButton.png; sourceTree = "<group>"; };
		FA9C3F210F9CFF0C0022A739 /* BlueButtonPressed.png */ = {isa = PBXFileReference; lastKnownFileType = image.png; name = BlueButtonPressed.png; path = Assets/BlueButtonPressed.png; sourceTree = "<group>"; };
		FAA1E01D0FF2F3CE002714B6 /* NewPostBullet.png */ = {isa = PBXFileReference; lastKnownFileType = image.png; name = NewPostBullet.png; path = Assets/NewPostBullet.png; sourceTree = "<group>"; };
		FAA849960F78C29900026446 /* ThreadViewController.h */ = {isa = PBXFileReference; fileEncoding = 4; lastKnownFileType = sourcecode.c.h; path = ThreadViewController.h; sourceTree = "<group>"; };
		FAA849970F78C29900026446 /* ThreadViewController.m */ = {isa = PBXFileReference; fileEncoding = 4; lastKnownFileType = sourcecode.c.objc; path = ThreadViewController.m; sourceTree = "<group>"; };
		FAA849990F78C2B000026446 /* ThreadViewController.xib */ = {isa = PBXFileReference; lastKnownFileType = file.xib; path = ThreadViewController.xib; sourceTree = "<group>"; };
		FAA84AF90F78DCB300026446 /* ReplyCell.xib */ = {isa = PBXFileReference; lastKnownFileType = file.xib; path = ReplyCell.xib; sourceTree = "<group>"; };
		FAA84AFD0F78DD9F00026446 /* ReplyCell.h */ = {isa = PBXFileReference; fileEncoding = 4; lastKnownFileType = sourcecode.c.h; path = ReplyCell.h; sourceTree = "<group>"; };
		FAA84AFE0F78DD9F00026446 /* ReplyCell.m */ = {isa = PBXFileReference; fileEncoding = 4; lastKnownFileType = sourcecode.c.objc; path = ReplyCell.m; sourceTree = "<group>"; };
		FAB1B6400F8FBF390021896A /* Message.h */ = {isa = PBXFileReference; fileEncoding = 4; lastKnownFileType = sourcecode.c.h; path = Message.h; sourceTree = "<group>"; };
		FAB1B6410F8FBF390021896A /* Message.m */ = {isa = PBXFileReference; fileEncoding = 4; lastKnownFileType = sourcecode.c.objc; path = Message.m; sourceTree = "<group>"; };
		FAB2F86E0F7985FB000E4DC9 /* GrippyBar.h */ = {isa = PBXFileReference; fileEncoding = 4; lastKnownFileType = sourcecode.c.h; path = GrippyBar.h; sourceTree = "<group>"; };
		FAB2F86F0F7985FB000E4DC9 /* GrippyBar.m */ = {isa = PBXFileReference; fileEncoding = 4; lastKnownFileType = sourcecode.c.objc; path = GrippyBar.m; sourceTree = "<group>"; };
		FAB765E40F7C9D5800CE0E38 /* BrowserViewController.xib */ = {isa = PBXFileReference; lastKnownFileType = file.xib; path = BrowserViewController.xib; sourceTree = "<group>"; };
		FAB765ED0F7C9DEB00CE0E38 /* DragonDrop.png */ = {isa = PBXFileReference; lastKnownFileType = image.png; name = DragonDrop.png; path = Assets/DragonDrop.png; sourceTree = "<group>"; };
		FAB765F40F7C9E5B00CE0E38 /* BrowserViewController.h */ = {isa = PBXFileReference; fileEncoding = 4; lastKnownFileType = sourcecode.c.h; path = BrowserViewController.h; sourceTree = "<group>"; };
		FAB765F50F7C9E5B00CE0E38 /* BrowserViewController.m */ = {isa = PBXFileReference; fileEncoding = 4; lastKnownFileType = sourcecode.c.objc; path = BrowserViewController.m; sourceTree = "<group>"; };
		FABA5D410F717A28008EEE3A /* StringAdditions.h */ = {isa = PBXFileReference; fileEncoding = 4; lastKnownFileType = sourcecode.c.h; path = StringAdditions.h; sourceTree = "<group>"; };
		FABA5D420F717A28008EEE3A /* StringAdditions.m */ = {isa = PBXFileReference; fileEncoding = 4; lastKnownFileType = sourcecode.c.objc; path = StringAdditions.m; sourceTree = "<group>"; };
		FABA5D450F717B60008EEE3A /* HTMLEscaper.h */ = {isa = PBXFileReference; fileEncoding = 4; lastKnownFileType = sourcecode.c.h; path = HTMLEscaper.h; sourceTree = "<group>"; };
		FABA5D460F717B60008EEE3A /* HTMLEscaper.m */ = {isa = PBXFileReference; fileEncoding = 4; lastKnownFileType = sourcecode.c.objc; path = HTMLEscaper.m; sourceTree = "<group>"; };
		FABA5DBC0F71802E008EEE3A /* Post.html */ = {isa = PBXFileReference; fileEncoding = 4; lastKnownFileType = text.html; path = Post.html; sourceTree = "<group>"; };
		FABA5DBE0F718042008EEE3A /* Stylesheet.css */ = {isa = PBXFileReference; fileEncoding = 4; lastKnownFileType = text.css; path = Stylesheet.css; sourceTree = "<group>"; };
		FABA5DC00F718086008EEE3A /* StringTemplate.h */ = {isa = PBXFileReference; fileEncoding = 4; lastKnownFileType = sourcecode.c.h; path = StringTemplate.h; sourceTree = "<group>"; };
		FABA5DC10F718086008EEE3A /* StringTemplate.m */ = {isa = PBXFileReference; fileEncoding = 4; lastKnownFileType = sourcecode.c.objc; path = StringTemplate.m; sourceTree = "<group>"; };
		FABA5E200F7185CC008EEE3A /* Story.html */ = {isa = PBXFileReference; fileEncoding = 4; lastKnownFileType = text.html; path = Story.html; sourceTree = "<group>"; };
		FACD9A7A0F9E2F33009D9A15 /* SearchResultsViewController.h */ = {isa = PBXFileReference; fileEncoding = 4; lastKnownFileType = sourcecode.c.h; path = SearchResultsViewController.h; sourceTree = "<group>"; };
		FACD9A7B0F9E2F33009D9A15 /* SearchResultsViewController.m */ = {isa = PBXFileReference; fileEncoding = 4; lastKnownFileType = sourcecode.c.objc; path = SearchResultsViewController.m; sourceTree = "<group>"; };
		FACD9A7D0F9E2F49009D9A15 /* SearchResultsViewController.xib */ = {isa = PBXFileReference; lastKnownFileType = file.xib; path = SearchResultsViewController.xib; sourceTree = "<group>"; };
		FAD26D8A0F7EDFE0001A76F6 /* RefreshIcon.png */ = {isa = PBXFileReference; lastKnownFileType = image.png; name = RefreshIcon.png; path = Assets/RefreshIcon.png; sourceTree = "<group>"; };
		FAD26D900F7EE0A5001A76F6 /* TagIcon.png */ = {isa = PBXFileReference; lastKnownFileType = image.png; name = TagIcon.png; path = Assets/TagIcon.png; sourceTree = "<group>"; };
		FAD29A520F79621C006E14A2 /* GrippyBar.png */ = {isa = PBXFileReference; lastKnownFileType = image.png; name = GrippyBar.png; path = Assets/GrippyBar.png; sourceTree = "<group>"; };
		FAD29A530F79621C006E14A2 /* GrippyBarBackground.png */ = {isa = PBXFileReference; lastKnownFileType = image.png; name = GrippyBarBackground.png; path = Assets/GrippyBarBackground.png; sourceTree = "<group>"; };
		FAD29A600F796452006E14A2 /* DropShadow.png */ = {isa = PBXFileReference; lastKnownFileType = image.png; name = DropShadow.png; path = Assets/DropShadow.png; sourceTree = "<group>"; };
		FAD29AD30F796A22006E14A2 /* RegexKitLite.h */ = {isa = PBXFileReference; fileEncoding = 4; lastKnownFileType = sourcecode.c.h; path = RegexKitLite.h; sourceTree = "<group>"; };
		FAD29AD40F796A22006E14A2 /* RegexKitLite.m */ = {isa = PBXFileReference; fileEncoding = 4; lastKnownFileType = sourcecode.c.objc; path = RegexKitLite.m; sourceTree = "<group>"; };
		FAD4EB4F0F96797900E74FED /* MessageViewController.h */ = {isa = PBXFileReference; fileEncoding = 4; lastKnownFileType = sourcecode.c.h; path = MessageViewController.h; sourceTree = "<group>"; };
		FAD4EB500F96797900E74FED /* MessageViewController.m */ = {isa = PBXFileReference; fileEncoding = 4; lastKnownFileType = sourcecode.c.objc; path = MessageViewController.m; sourceTree = "<group>"; };
		FAD4EB530F96798800E74FED /* MessageViewController.xib */ = {isa = PBXFileReference; lastKnownFileType = file.xib; path = MessageViewController.xib; sourceTree = "<group>"; };
		FADDB51E0F814B5200DF3650 /* Default.png */ = {isa = PBXFileReference; lastKnownFileType = image.png; name = Default.png; path = Assets/Default.png; sourceTree = "<group>"; };
		FADDB51F0F814B5200DF3650 /* Icon.png */ = {isa = PBXFileReference; lastKnownFileType = image.png; name = Icon.png; path = Assets/Icon.png; sourceTree = "<group>"; };
		FAF0781A10087B530029D2AD /* push.caf */ = {isa = PBXFileReference; lastKnownFileType = file; path = push.caf; sourceTree = "<group>"; };
		FAF9F40C114F2C3C00AEB205 /* CGRect+HelperKit.h */ = {isa = PBXFileReference; fileEncoding = 4; lastKnownFileType = sourcecode.c.h; path = "CGRect+HelperKit.h"; sourceTree = "<group>"; };
		FAF9F40D114F2C3C00AEB205 /* CGRect+HelperKit.m */ = {isa = PBXFileReference; fileEncoding = 4; lastKnownFileType = sourcecode.c.objc; path = "CGRect+HelperKit.m"; sourceTree = "<group>"; };
		FAF9F40E114F2C3C00AEB205 /* HKHelperKit.h */ = {isa = PBXFileReference; fileEncoding = 4; lastKnownFileType = sourcecode.c.h; path = HKHelperKit.h; sourceTree = "<group>"; };
		FAF9F40F114F2C3C00AEB205 /* NSString+HelperKit.h */ = {isa = PBXFileReference; fileEncoding = 4; lastKnownFileType = sourcecode.c.h; path = "NSString+HelperKit.h"; sourceTree = "<group>"; };
		FAF9F410114F2C3C00AEB205 /* NSString+HelperKit.m */ = {isa = PBXFileReference; fileEncoding = 4; lastKnownFileType = sourcecode.c.objc; path = "NSString+HelperKit.m"; sourceTree = "<group>"; };
		FAF9F411114F2C3C00AEB205 /* NSURL+HelperKit.h */ = {isa = PBXFileReference; fileEncoding = 4; lastKnownFileType = sourcecode.c.h; path = "NSURL+HelperKit.h"; sourceTree = "<group>"; };
		FAF9F412114F2C3C00AEB205 /* NSURL+HelperKit.m */ = {isa = PBXFileReference; fileEncoding = 4; lastKnownFileType = sourcecode.c.objc; path = "NSURL+HelperKit.m"; sourceTree = "<group>"; };
		FAF9F413114F2C3C00AEB205 /* NSURLRequest+HelperKit.h */ = {isa = PBXFileReference; fileEncoding = 4; lastKnownFileType = sourcecode.c.h; path = "NSURLRequest+HelperKit.h"; sourceTree = "<group>"; };
		FAF9F414114F2C3C00AEB205 /* NSURLRequest+HelperKit.m */ = {isa = PBXFileReference; fileEncoding = 4; lastKnownFileType = sourcecode.c.objc; path = "NSURLRequest+HelperKit.m"; sourceTree = "<group>"; };
		FAF9F415114F2C3C00AEB205 /* README.markdown */ = {isa = PBXFileReference; fileEncoding = 4; lastKnownFileType = text; path = README.markdown; sourceTree = "<group>"; };
		FAF9F416114F2C3C00AEB205 /* Todo.txt */ = {isa = PBXFileReference; fileEncoding = 4; lastKnownFileType = text; path = Todo.txt; sourceTree = "<group>"; };
		FAF9F417114F2C3C00AEB205 /* UIAlertView+HelperKit.h */ = {isa = PBXFileReference; fileEncoding = 4; lastKnownFileType = sourcecode.c.h; path = "UIAlertView+HelperKit.h"; sourceTree = "<group>"; };
		FAF9F418114F2C3C00AEB205 /* UIAlertView+HelperKit.m */ = {isa = PBXFileReference; fileEncoding = 4; lastKnownFileType = sourcecode.c.objc; path = "UIAlertView+HelperKit.m"; sourceTree = "<group>"; };
		FAF9F419114F2C3C00AEB205 /* UIBarButtonItem+HelperKit.h */ = {isa = PBXFileReference; fileEncoding = 4; lastKnownFileType = sourcecode.c.h; path = "UIBarButtonItem+HelperKit.h"; sourceTree = "<group>"; };
		FAF9F41A114F2C3C00AEB205 /* UIBarButtonItem+HelperKit.m */ = {isa = PBXFileReference; fileEncoding = 4; lastKnownFileType = sourcecode.c.objc; path = "UIBarButtonItem+HelperKit.m"; sourceTree = "<group>"; };
		FAF9F41B114F2C3C00AEB205 /* UIImage+HelperKit.h */ = {isa = PBXFileReference; fileEncoding = 4; lastKnownFileType = sourcecode.c.h; path = "UIImage+HelperKit.h"; sourceTree = "<group>"; };
		FAF9F41C114F2C3C00AEB205 /* UIImage+HelperKit.m */ = {isa = PBXFileReference; fileEncoding = 4; lastKnownFileType = sourcecode.c.objc; path = "UIImage+HelperKit.m"; sourceTree = "<group>"; };
		FAF9F41D114F2C3C00AEB205 /* UIImageView+HelperKit.h */ = {isa = PBXFileReference; fileEncoding = 4; lastKnownFileType = sourcecode.c.h; path = "UIImageView+HelperKit.h"; sourceTree = "<group>"; };
		FAF9F41E114F2C3C00AEB205 /* UIImageView+HelperKit.m */ = {isa = PBXFileReference; fileEncoding = 4; lastKnownFileType = sourcecode.c.objc; path = "UIImageView+HelperKit.m"; sourceTree = "<group>"; };
		FAF9F41F114F2C3C00AEB205 /* UINavigationController+HelperKit.h */ = {isa = PBXFileReference; fileEncoding = 4; lastKnownFileType = sourcecode.c.h; path = "UINavigationController+HelperKit.h"; sourceTree = "<group>"; };
		FAF9F420114F2C3C00AEB205 /* UINavigationController+HelperKit.m */ = {isa = PBXFileReference; fileEncoding = 4; lastKnownFileType = sourcecode.c.objc; path = "UINavigationController+HelperKit.m"; sourceTree = "<group>"; };
		FAF9F421114F2C3C00AEB205 /* UITableView+HelperKit.h */ = {isa = PBXFileReference; fileEncoding = 4; lastKnownFileType = sourcecode.c.h; path = "UITableView+HelperKit.h"; sourceTree = "<group>"; };
		FAF9F422114F2C3C00AEB205 /* UITableView+HelperKit.m */ = {isa = PBXFileReference; fileEncoding = 4; lastKnownFileType = sourcecode.c.objc; path = "UITableView+HelperKit.m"; sourceTree = "<group>"; };
		FAF9F423114F2C3C00AEB205 /* UIView+HelperKit.h */ = {isa = PBXFileReference; fileEncoding = 4; lastKnownFileType = sourcecode.c.h; path = "UIView+HelperKit.h"; sourceTree = "<group>"; };
		FAF9F424114F2C3C00AEB205 /* UIView+HelperKit.m */ = {isa = PBXFileReference; fileEncoding = 4; lastKnownFileType = sourcecode.c.objc; path = "UIView+HelperKit.m"; sourceTree = "<group>"; };
		FAF9F425114F2C3C00AEB205 /* UIViewController+HelperKit.h */ = {isa = PBXFileReference; fileEncoding = 4; lastKnownFileType = sourcecode.c.h; path = "UIViewController+HelperKit.h"; sourceTree = "<group>"; };
		FAF9F426114F2C3C00AEB205 /* UIViewController+HelperKit.m */ = {isa = PBXFileReference; fileEncoding = 4; lastKnownFileType = sourcecode.c.objc; path = "UIViewController+HelperKit.m"; sourceTree = "<group>"; };
/* End PBXFileReference section */

/* Begin PBXFrameworksBuildPhase section */
		1D60588F0D05DD3D006BFB54 /* Frameworks */ = {
			isa = PBXFrameworksBuildPhase;
			buildActionMask = 2147483647;
			files = (
				1D60589F0D05DD5A006BFB54 /* Foundation.framework in Frameworks */,
				1DF5F4E00D08C38300B7A737 /* UIKit.framework in Frameworks */,
				2892E4100DC94CBA00A64D0F /* CoreGraphics.framework in Frameworks */,
				5907C5AD10A69A0A0028D630 /* CFNetwork.framework in Frameworks */,
				5907C5AF10A69A0A0028D630 /* SystemConfiguration.framework in Frameworks */,
				5907C5B710A69A190028D630 /* libz.dylib in Frameworks */,
				FA56C8B6114B5FBC006A493B /* QuartzCore.framework in Frameworks */,
			);
			runOnlyForDeploymentPostprocessing = 0;
		};
/* End PBXFrameworksBuildPhase section */

/* Begin PBXGroup section */
		080E96DDFE201D6D7F000001 /* Classes */ = {
			isa = PBXGroup;
			children = (
				599FF0E810D5DDC1004476B8 /* JSON */,
				5907C58310A699A70028D630 /* ASIHTTP */,
				1D3623240D0F684500981E51 /* LatestChatty2AppDelegate.h */,
				1D3623250D0F684500981E51 /* LatestChatty2AppDelegate.m */,
				FA5FCD110F6F607200878F27 /* Controllers */,
				FA5FCD130F6F60E800878F27 /* Models */,
				FA5FCE8A0F6F7B3D00878F27 /* Views */,
			);
			path = Classes;
			sourceTree = "<group>";
		};
		19C28FACFE9D520D11CA2CBB /* Products */ = {
			isa = PBXGroup;
			children = (
				1D6058910D05DD3D006BFB54 /* LatestChatty.app */,
			);
			name = Products;
			sourceTree = "<group>";
		};
		29B97314FDCFA39411CA2CEA /* CustomTemplate */ = {
			isa = PBXGroup;
			children = (
				080E96DDFE201D6D7F000001 /* Classes */,
				29B97315FDCFA39411CA2CEA /* Other Sources */,
				29B97317FDCFA39411CA2CEA /* Resources */,
				29B97323FDCFA39411CA2CEA /* Frameworks */,
				19C28FACFE9D520D11CA2CBB /* Products */,
			);
			name = CustomTemplate;
			sourceTree = "<group>";
		};
		29B97315FDCFA39411CA2CEA /* Other Sources */ = {
			isa = PBXGroup;
			children = (
				28A0AAE50D9B0CCF005BE974 /* LatestChatty2_Prefix.pch */,
				29B97316FDCFA39411CA2CEA /* main.m */,
				FABA5D410F717A28008EEE3A /* StringAdditions.h */,
				FABA5D420F717A28008EEE3A /* StringAdditions.m */,
				FABA5D450F717B60008EEE3A /* HTMLEscaper.h */,
				FABA5D460F717B60008EEE3A /* HTMLEscaper.m */,
				FAD29AD30F796A22006E14A2 /* RegexKitLite.h */,
				FAD29AD40F796A22006E14A2 /* RegexKitLite.m */,
			);
			name = "Other Sources";
			sourceTree = "<group>";
		};
		29B97317FDCFA39411CA2CEA /* Resources */ = {
			isa = PBXGroup;
			children = (
				FABA5D340F7178A0008EEE3A /* Templates */,
				FA5FD0480F70149500878F27 /* Assets */,
				28AD735F0D9D9599002E5188 /* MainWindow.xib */,
				8D1107310486CEB800E47090 /* Info.plist */,
				FA2260520F8EE251002F77DD /* Settings.bundle */,
			);
			name = Resources;
			sourceTree = "<group>";
		};
		29B97323FDCFA39411CA2CEA /* Frameworks */ = {
			isa = PBXGroup;
			children = (
				FAF9F40B114F2C3C00AEB205 /* HKHelperKit */,
				FA2B47500F7E1DA30074064A /* Base64 */,
				1DF5F4DF0D08C38300B7A737 /* UIKit.framework */,
				1D30AB110D05D00D00671497 /* Foundation.framework */,
				2892E40F0DC94CBA00A64D0F /* CoreGraphics.framework */,
				5907C5AC10A69A0A0028D630 /* CFNetwork.framework */,
				FA56C8B5114B5FBC006A493B /* QuartzCore.framework */,
				5907C5AE10A69A0A0028D630 /* SystemConfiguration.framework */,
				5907C5B610A69A190028D630 /* libz.dylib */,
			);
			name = Frameworks;
			sourceTree = "<group>";
		};
		5907C58310A699A70028D630 /* ASIHTTP */ = {
			isa = PBXGroup;
			children = (
				5907C5A310A699DB0028D630 /* Reachability.h */,
				5907C5A410A699DB0028D630 /* Reachability.m */,
				5907C58410A699A70028D630 /* ASIAuthenticationDialog.h */,
				5907C58510A699A70028D630 /* ASIAuthenticationDialog.m */,
				5907C58610A699A70028D630 /* ASIFormDataRequest.h */,
				5907C58710A699A70028D630 /* ASIFormDataRequest.m */,
				5907C58810A699A70028D630 /* ASIHTTPRequest.h */,
				5907C58910A699A70028D630 /* ASIHTTPRequest.m */,
				5907C58A10A699A70028D630 /* ASIInputStream.h */,
				5907C58B10A699A70028D630 /* ASIInputStream.m */,
				5907C58C10A699A70028D630 /* ASINetworkQueue.h */,
				5907C58D10A699A70028D630 /* ASINetworkQueue.m */,
				5907C58E10A699A70028D630 /* ASINSStringAdditions.h */,
				5907C58F10A699A70028D630 /* ASINSStringAdditions.m */,
				5907C59010A699A70028D630 /* ASIS3BucketObject.h */,
				5907C59110A699A70028D630 /* ASIS3BucketObject.m */,
				5907C59210A699A70028D630 /* ASIS3ListRequest.h */,
				5907C59310A699A70028D630 /* ASIS3ListRequest.m */,
				5907C59410A699A70028D630 /* ASIS3Request.h */,
				5907C59510A699A70028D630 /* ASIS3Request.m */,
			);
			path = ASIHTTP;
			sourceTree = "<group>";
		};
		599FF0E810D5DDC1004476B8 /* JSON */ = {
			isa = PBXGroup;
			children = (
				599FF0E910D5DDC1004476B8 /* JSON.h */,
				599FF0EA10D5DDC1004476B8 /* NSObject+SBJSON.h */,
				599FF0EB10D5DDC1004476B8 /* NSObject+SBJSON.m */,
				599FF0EC10D5DDC1004476B8 /* NSString+SBJSON.h */,
				599FF0ED10D5DDC1004476B8 /* NSString+SBJSON.m */,
				599FF0EE10D5DDC1004476B8 /* SBJSON.h */,
				599FF0EF10D5DDC1004476B8 /* SBJSON.m */,
				599FF0F010D5DDC1004476B8 /* SBJsonBase.h */,
				599FF0F110D5DDC1004476B8 /* SBJsonBase.m */,
				599FF0F210D5DDC1004476B8 /* SBJsonParser.h */,
				599FF0F310D5DDC1004476B8 /* SBJsonParser.m */,
				599FF0F410D5DDC1004476B8 /* SBJsonWriter.h */,
				599FF0F510D5DDC1004476B8 /* SBJsonWriter.m */,
			);
			path = JSON;
			sourceTree = "<group>";
		};
		FA2B47500F7E1DA30074064A /* Base64 */ = {
			isa = PBXGroup;
			children = (
				FA2B47510F7E1DA30074064A /* NSDataAdditions.h */,
				FA2B47520F7E1DA30074064A /* NSDataAdditions.m */,
				FA2B47540F7E1DA30074064A /* NSStringAdditions.h */,
				FA2B47530F7E1DA30074064A /* NSStringAdditions.m */,
			);
			name = Base64;
			sourceTree = "<group>";
		};
		FA5FCD110F6F607200878F27 /* Controllers */ = {
			isa = PBXGroup;
			children = (
				FA4123040F8FE08B002E1978 /* RootViewController.h */,
				FA4123050F8FE08B002E1978 /* RootViewController.m */,
				FA4123070F8FE09E002E1978 /* RootViewController.xib */,
				FA5DA7750F7284CB00F05ED9 /* ModelListViewController.h */,
				FA5DA7760F7284CB00F05ED9 /* ModelListViewController.m */,
				FA87BD660F7AE96B0044898C /* SettingsViewController.h */,
				FA87BD670F7AE96B0044898C /* SettingsViewController.m */,
				FA87BD6A0F7AE97F0044898C /* SettingsViewController.xib */,
				28C286DF0D94DF7D0034E888 /* StoriesViewController.h */,
				28C286E00D94DF7D0034E888 /* StoriesViewController.m */,
				2899E55F0DE3E45000AC0155 /* StoriesViewController.xib */,
				FA6EDE460F70EB4900AAF4E4 /* StoryViewController.h */,
				FA6EDE470F70EB4900AAF4E4 /* StoryViewController.m */,
				FA6EDE420F70EA6700AAF4E4 /* StoryViewController.xib */,
				FA0481200F70D10300F752A6 /* ChattyViewController.h */,
				FA0481210F70D10300F752A6 /* ChattyViewController.m */,
				FA6EDD310F70D56B00AAF4E4 /* ChattyViewController.xib */,
				FAA849960F78C29900026446 /* ThreadViewController.h */,
				FAA849970F78C29900026446 /* ThreadViewController.m */,
				FAA849990F78C2B000026446 /* ThreadViewController.xib */,
				FA87BE8C0F7B1B9D0044898C /* ComposeViewController.h */,
				FA87BE8D0F7B1B9D0044898C /* ComposeViewController.m */,
				FA87BE500F7B174C0044898C /* ComposeViewController.xib */,
				FAB765F40F7C9E5B00CE0E38 /* BrowserViewController.h */,
				FAB765F50F7C9E5B00CE0E38 /* BrowserViewController.m */,
				FAB765E40F7C9D5800CE0E38 /* BrowserViewController.xib */,
				FA56C87B114B5A5F006A493B /* ImageViewController.h */,
				FA56C87C114B5A5F006A493B /* ImageViewController.m */,
				FA56C87D114B5A5F006A493B /* ImageViewController.xib */,
				FA4124560F8FF059002E1978 /* MessagesViewController.h */,
				FA4124570F8FF059002E1978 /* MessagesViewController.m */,
				FA4124530F8FEFF1002E1978 /* MessagesViewController.xib */,
				FAD4EB4F0F96797900E74FED /* MessageViewController.h */,
				FAD4EB500F96797900E74FED /* MessageViewController.m */,
				FAD4EB530F96798800E74FED /* MessageViewController.xib */,
				FA9C3ED30F9CED010022A739 /* SearchViewController.h */,
				FA9C3ED40F9CED010022A739 /* SearchViewController.m */,
				FA9C3ECF0F9CEB1E0022A739 /* SearchViewController.xib */,
				FACD9A7A0F9E2F33009D9A15 /* SearchResultsViewController.h */,
				FACD9A7B0F9E2F33009D9A15 /* SearchResultsViewController.m */,
				FACD9A7D0F9E2F49009D9A15 /* SearchResultsViewController.xib */,
			);
			name = Controllers;
			sourceTree = "<group>";
		};
		FA5FCD130F6F60E800878F27 /* Models */ = {
			isa = PBXGroup;
			children = (
				FA5FCD1C0F6F63AC00878F27 /* ModelLoadingDelegate.h */,
				FA1E7D650F787FEF00BAA55B /* ModelLoader.h */,
				FA1E7D660F787FEF00BAA55B /* ModelLoader.m */,
				FA5FCD140F6F61A600878F27 /* Model.h */,
				FA5FCD150F6F61A600878F27 /* Model.m */,
				FA5FCDAA0F6F6FDF00878F27 /* Story.h */,
				FA5FCDAB0F6F6FDF00878F27 /* Story.m */,
				FA04800B0F70BD0500F752A6 /* Post.h */,
				FA04800C0F70BD0500F752A6 /* Post.m */,
				FA2B475A0F7E1DDB0074064A /* Image.h */,
				FA2B475B0F7E1DDB0074064A /* Image.m */,
				FA26AD060F80F85B00EB5FF0 /* Tag.h */,
				FA26AD070F80F85C00EB5FF0 /* Tag.m */,
				FAB1B6400F8FBF390021896A /* Message.h */,
				FAB1B6410F8FBF390021896A /* Message.m */,
				FA08ADB1112B40E800B89890 /* Mod.h */,
				FA08ADB2112B40E800B89890 /* Mod.m */,
			);
			name = Models;
			sourceTree = "<group>";
		};
		FA5FCE8A0F6F7B3D00878F27 /* Views */ = {
			isa = PBXGroup;
			children = (
				FABA5DC00F718086008EEE3A /* StringTemplate.h */,
				FABA5DC10F718086008EEE3A /* StringTemplate.m */,
				FA5FCE8B0F6F7B6A00878F27 /* TableCellFromNib.h */,
				FA5FCE8C0F6F7B6A00878F27 /* TableCellFromNib.m */,
				FA5FCE910F6F7CA600878F27 /* StoryCell.h */,
				FA5FCE920F6F7CA600878F27 /* StoryCell.m */,
				FA5FCE940F6F7CB600878F27 /* StoryCell.xib */,
				FA6EDD6D0F70DA0400AAF4E4 /* ThreadCell.h */,
				FA6EDD6E0F70DA0400AAF4E4 /* ThreadCell.m */,
				FA6EDD690F70D95A00AAF4E4 /* ThreadCell.xib */,
				FAA84AFD0F78DD9F00026446 /* ReplyCell.h */,
				FAA84AFE0F78DD9F00026446 /* ReplyCell.m */,
				FAA84AF90F78DCB300026446 /* ReplyCell.xib */,
				FAB2F86E0F7985FB000E4DC9 /* GrippyBar.h */,
				FAB2F86F0F7985FB000E4DC9 /* GrippyBar.m */,
				FA4123000F8FDF06002E1978 /* RootCell.h */,
				FA4123010F8FDF06002E1978 /* RootCell.m */,
				FA4122FD0F8FDDE9002E1978 /* RootCell.xib */,
				FA828B8E0F90906500B59FF8 /* MessageCell.h */,
				FA828B8F0F90906500B59FF8 /* MessageCell.m */,
				FA828B8B0F90901100B59FF8 /* MessageCell.xib */,
			);
			name = Views;
			sourceTree = "<group>";
		};
		FA5FD0480F70149500878F27 /* Assets */ = {
			isa = PBXGroup;
			children = (
				FAF0781A10087B530029D2AD /* push.caf */,
				FADDB51E0F814B5200DF3650 /* Default.png */,
				FADDB51F0F814B5200DF3650 /* Icon.png */,
				FAD26D900F7EE0A5001A76F6 /* TagIcon.png */,
				FAD26D8A0F7EDFE0001A76F6 /* RefreshIcon.png */,
				FA2B47C10F7E2E790074064A /* Camera.png */,
				FA2B45900F7D96060074064A /* GrayBullet.png */,
				FA2B458E0F7D95710074064A /* BlueBullet.png */,
				FAA1E01D0FF2F3CE002714B6 /* NewPostBullet.png */,
				FAD29A600F796452006E14A2 /* DropShadow.png */,
				FA5FD0550F7014BD00878F27 /* CellBackground.png */,
				FA87BE1B0F7B0A9E0044898C /* CellBackgroundLight.png */,
				FAD29A520F79621C006E14A2 /* GrippyBar.png */,
				FAD29A530F79621C006E14A2 /* GrippyBarBackground.png */,
				FA9C3F200F9CFF0C0022A739 /* BlueButton.png */,
				FA9C3F210F9CFF0C0022A739 /* BlueButtonPressed.png */,
				FA9C3F160F9CFD580022A739 /* GrayButton.png */,
				FA9C3F180F9CFE130022A739 /* GrayButtonPressed.png */,
				FA87BE7B0F7B182D0044898C /* Button.png */,
				FA87BE7C0F7B182D0044898C /* ButtonCode.png */,
				FA87BE7D0F7B182D0044898C /* ButtonContentSpoiler.png */,
				FA87BE7E0F7B182D0044898C /* ButtonPushed.png */,
				FA87BE7F0F7B182D0044898C /* ButtonSend.png */,
				FA87BE800F7B182D0044898C /* ButtonStrike.png */,
				FA87BE810F7B182D0044898C /* ButtonUnderline.png */,
				FA87BE890F7B18C60044898C /* NavButtonTags.png */,
				FAB765ED0F7C9DEB00CE0E38 /* DragonDrop.png */,
				FA8D24FB0F8661D200AB23E2 /* left.png */,
				FA8D24FC0F8661D200AB23E2 /* right.png */,
				FA08ADBF112B412500B89890 /* ModGavel.png */,
				FA4123A40F8FE584002E1978 /* AboutIcon.48.png */,
				FA6EDE660F70EE1500AAF4E4 /* ChatIcon.24.png */,
				FA6EDDDC0F70E0B400AAF4E4 /* ChatIcon.48.png */,
				FA2ECCC00F9D4FED00912BE4 /* Lock.16.png */,
				FA4122E50F8FDCFD002E1978 /* MessagesIcon.48.png */,
				FA4122E60F8FDCFD002E1978 /* SearchIcon.48.png */,
				FA5DA8A90F72A3EA00F05ED9 /* SettingsIcon.24.png */,
				FA4124120F8FECED002E1978 /* SettingsIcon.48.png */,
				FA4122E70F8FDCFD002E1978 /* StoriesIcon.48.png */,
			);
			name = Assets;
			sourceTree = "<group>";
		};
		FABA5D340F7178A0008EEE3A /* Templates */ = {
			isa = PBXGroup;
			children = (
				FABA5DBE0F718042008EEE3A /* Stylesheet.css */,
				FABA5DBC0F71802E008EEE3A /* Post.html */,
				FABA5E200F7185CC008EEE3A /* Story.html */,
				FA8D243D0F85848900AB23E2 /* Youtube.html */,
			);
			name = Templates;
			sourceTree = "<group>";
		};
		FAF9F40B114F2C3C00AEB205 /* HKHelperKit */ = {
			isa = PBXGroup;
			children = (
				FAF9F40C114F2C3C00AEB205 /* CGRect+HelperKit.h */,
				FAF9F40D114F2C3C00AEB205 /* CGRect+HelperKit.m */,
				FAF9F40E114F2C3C00AEB205 /* HKHelperKit.h */,
				FAF9F40F114F2C3C00AEB205 /* NSString+HelperKit.h */,
				FAF9F410114F2C3C00AEB205 /* NSString+HelperKit.m */,
				FAF9F411114F2C3C00AEB205 /* NSURL+HelperKit.h */,
				FAF9F412114F2C3C00AEB205 /* NSURL+HelperKit.m */,
				FAF9F413114F2C3C00AEB205 /* NSURLRequest+HelperKit.h */,
				FAF9F414114F2C3C00AEB205 /* NSURLRequest+HelperKit.m */,
				FAF9F415114F2C3C00AEB205 /* README.markdown */,
				FAF9F416114F2C3C00AEB205 /* Todo.txt */,
				FAF9F417114F2C3C00AEB205 /* UIAlertView+HelperKit.h */,
				FAF9F418114F2C3C00AEB205 /* UIAlertView+HelperKit.m */,
				FAF9F419114F2C3C00AEB205 /* UIBarButtonItem+HelperKit.h */,
				FAF9F41A114F2C3C00AEB205 /* UIBarButtonItem+HelperKit.m */,
				FAF9F41B114F2C3C00AEB205 /* UIImage+HelperKit.h */,
				FAF9F41C114F2C3C00AEB205 /* UIImage+HelperKit.m */,
				FAF9F41D114F2C3C00AEB205 /* UIImageView+HelperKit.h */,
				FAF9F41E114F2C3C00AEB205 /* UIImageView+HelperKit.m */,
				FAF9F41F114F2C3C00AEB205 /* UINavigationController+HelperKit.h */,
				FAF9F420114F2C3C00AEB205 /* UINavigationController+HelperKit.m */,
				FAF9F421114F2C3C00AEB205 /* UITableView+HelperKit.h */,
				FAF9F422114F2C3C00AEB205 /* UITableView+HelperKit.m */,
				FAF9F423114F2C3C00AEB205 /* UIView+HelperKit.h */,
				FAF9F424114F2C3C00AEB205 /* UIView+HelperKit.m */,
				FAF9F425114F2C3C00AEB205 /* UIViewController+HelperKit.h */,
				FAF9F426114F2C3C00AEB205 /* UIViewController+HelperKit.m */,
			);
			path = HKHelperKit;
			sourceTree = "<group>";
		};
/* End PBXGroup section */

/* Begin PBXNativeTarget section */
		1D6058900D05DD3D006BFB54 /* LatestChatty2 */ = {
			isa = PBXNativeTarget;
			buildConfigurationList = 1D6058960D05DD3E006BFB54 /* Build configuration list for PBXNativeTarget "LatestChatty2" */;
			buildPhases = (
				1D60588D0D05DD3D006BFB54 /* Resources */,
				1D60588E0D05DD3D006BFB54 /* Sources */,
				1D60588F0D05DD3D006BFB54 /* Frameworks */,
			);
			buildRules = (
			);
			dependencies = (
			);
			name = LatestChatty2;
			productName = LatestChatty2;
			productReference = 1D6058910D05DD3D006BFB54 /* LatestChatty.app */;
			productType = "com.apple.product-type.application";
		};
/* End PBXNativeTarget section */

/* Begin PBXProject section */
		29B97313FDCFA39411CA2CEA /* Project object */ = {
			isa = PBXProject;
			buildConfigurationList = C01FCF4E08A954540054247B /* Build configuration list for PBXProject "LatestChatty2" */;
			compatibilityVersion = "Xcode 3.1";
			hasScannedForEncodings = 1;
			knownRegions = (
				English,
				Japanese,
				French,
				German,
				en,
			);
			mainGroup = 29B97314FDCFA39411CA2CEA /* CustomTemplate */;
			projectDirPath = "";
			projectRoot = "";
			targets = (
				1D6058900D05DD3D006BFB54 /* LatestChatty2 */,
			);
		};
/* End PBXProject section */

/* Begin PBXResourcesBuildPhase section */
		1D60588D0D05DD3D006BFB54 /* Resources */ = {
			isa = PBXResourcesBuildPhase;
			buildActionMask = 2147483647;
			files = (
				28AD73600D9D9599002E5188 /* MainWindow.xib in Resources */,
				2899E5600DE3E45000AC0155 /* StoriesViewController.xib in Resources */,
				FA5FCE950F6F7CB600878F27 /* StoryCell.xib in Resources */,
				FA5FD0560F7014BD00878F27 /* CellBackground.png in Resources */,
				FA6EDD320F70D56B00AAF4E4 /* ChattyViewController.xib in Resources */,
				FA6EDD6A0F70D95A00AAF4E4 /* ThreadCell.xib in Resources */,
				FA6EDDDD0F70E0B400AAF4E4 /* ChatIcon.48.png in Resources */,
				FA6EDE670F70EE1500AAF4E4 /* ChatIcon.24.png in Resources */,
				FABA5DBD0F71802E008EEE3A /* Post.html in Resources */,
				FABA5DBF0F718042008EEE3A /* Stylesheet.css in Resources */,
				FABA5E210F7185CC008EEE3A /* Story.html in Resources */,
				FA5DA8AA0F72A3EA00F05ED9 /* SettingsIcon.24.png in Resources */,
				FAA8499A0F78C2B000026446 /* ThreadViewController.xib in Resources */,
				FAA84AFA0F78DCB300026446 /* ReplyCell.xib in Resources */,
				FAD29A540F79621C006E14A2 /* GrippyBar.png in Resources */,
				FAD29A550F79621C006E14A2 /* GrippyBarBackground.png in Resources */,
				FAD29A610F796452006E14A2 /* DropShadow.png in Resources */,
				FA87BD6B0F7AE97F0044898C /* SettingsViewController.xib in Resources */,
				FA87BE1C0F7B0A9E0044898C /* CellBackgroundLight.png in Resources */,
				FA87BE510F7B174C0044898C /* ComposeViewController.xib in Resources */,
				FA87BE820F7B182D0044898C /* Button.png in Resources */,
				FA87BE830F7B182D0044898C /* ButtonCode.png in Resources */,
				FA87BE840F7B182D0044898C /* ButtonContentSpoiler.png in Resources */,
				FA87BE850F7B182D0044898C /* ButtonPushed.png in Resources */,
				FA87BE860F7B182D0044898C /* ButtonSend.png in Resources */,
				FA87BE870F7B182D0044898C /* ButtonStrike.png in Resources */,
				FA87BE880F7B182D0044898C /* ButtonUnderline.png in Resources */,
				FA87BE8A0F7B18C60044898C /* NavButtonTags.png in Resources */,
				FAB765E50F7C9D5800CE0E38 /* BrowserViewController.xib in Resources */,
				FAB765EE0F7C9DEB00CE0E38 /* DragonDrop.png in Resources */,
				FA2B458F0F7D95710074064A /* BlueBullet.png in Resources */,
				FA2B45910F7D96060074064A /* GrayBullet.png in Resources */,
				FA2B47C20F7E2E790074064A /* Camera.png in Resources */,
				FAD26D8B0F7EDFE0001A76F6 /* RefreshIcon.png in Resources */,
				FAD26D910F7EE0A5001A76F6 /* TagIcon.png in Resources */,
				FADDB5200F814B5200DF3650 /* Default.png in Resources */,
				FADDB5210F814B5200DF3650 /* Icon.png in Resources */,
				FA8D243E0F85848900AB23E2 /* Youtube.html in Resources */,
				FA8D24FD0F8661D200AB23E2 /* left.png in Resources */,
				FA8D24FE0F8661D200AB23E2 /* right.png in Resources */,
				FA2260530F8EE251002F77DD /* Settings.bundle in Resources */,
				FA4122E80F8FDCFD002E1978 /* MessagesIcon.48.png in Resources */,
				FA4122E90F8FDCFD002E1978 /* SearchIcon.48.png in Resources */,
				FA4122EA0F8FDCFD002E1978 /* StoriesIcon.48.png in Resources */,
				FA4122FE0F8FDDE9002E1978 /* RootCell.xib in Resources */,
				FA4123080F8FE09E002E1978 /* RootViewController.xib in Resources */,
				FA4123A50F8FE584002E1978 /* AboutIcon.48.png in Resources */,
				FA4124130F8FECED002E1978 /* SettingsIcon.48.png in Resources */,
				FA4124540F8FEFF1002E1978 /* MessagesViewController.xib in Resources */,
				FA828B8C0F90901100B59FF8 /* MessageCell.xib in Resources */,
				FAD4EB540F96798800E74FED /* MessageViewController.xib in Resources */,
				FA9C3ED00F9CEB1E0022A739 /* SearchViewController.xib in Resources */,
				FA9C3F170F9CFD580022A739 /* GrayButton.png in Resources */,
				FA9C3F190F9CFE130022A739 /* GrayButtonPressed.png in Resources */,
				FA9C3F220F9CFF0C0022A739 /* BlueButton.png in Resources */,
				FA9C3F230F9CFF0C0022A739 /* BlueButtonPressed.png in Resources */,
				FA2ECCC10F9D4FED00912BE4 /* Lock.16.png in Resources */,
				FACD9A7E0F9E2F49009D9A15 /* SearchResultsViewController.xib in Resources */,
				FAA1E01E0FF2F3CE002714B6 /* NewPostBullet.png in Resources */,
				FAF0781B10087B530029D2AD /* push.caf in Resources */,
				FA08ADC0112B412500B89890 /* ModGavel.png in Resources */,
				FA7A3436112F652700DCD653 /* StoryViewController.xib in Resources */,
				FA56C87F114B5A5F006A493B /* ImageViewController.xib in Resources */,
				FAF9F42B114F2C3C00AEB205 /* README.markdown in Resources */,
				FAF9F42C114F2C3C00AEB205 /* Todo.txt in Resources */,
			);
			runOnlyForDeploymentPostprocessing = 0;
		};
/* End PBXResourcesBuildPhase section */

/* Begin PBXSourcesBuildPhase section */
		1D60588E0D05DD3D006BFB54 /* Sources */ = {
			isa = PBXSourcesBuildPhase;
			buildActionMask = 2147483647;
			files = (
				1D60589B0D05DD56006BFB54 /* main.m in Sources */,
				1D3623260D0F684500981E51 /* LatestChatty2AppDelegate.m in Sources */,
				28C286E10D94DF7D0034E888 /* StoriesViewController.m in Sources */,
				FA5FCD160F6F61A600878F27 /* Model.m in Sources */,
				FA5FCDAC0F6F6FDF00878F27 /* Story.m in Sources */,
				FA5FCE8D0F6F7B6A00878F27 /* TableCellFromNib.m in Sources */,
				FA5FCE930F6F7CA600878F27 /* StoryCell.m in Sources */,
				FA04800D0F70BD0500F752A6 /* Post.m in Sources */,
				FA0481220F70D10300F752A6 /* ChattyViewController.m in Sources */,
				FA6EDD6F0F70DA0400AAF4E4 /* ThreadCell.m in Sources */,
				FA6EDE480F70EB4900AAF4E4 /* StoryViewController.m in Sources */,
				FABA5D430F717A28008EEE3A /* StringAdditions.m in Sources */,
				FABA5D470F717B60008EEE3A /* HTMLEscaper.m in Sources */,
				FABA5DC20F718086008EEE3A /* StringTemplate.m in Sources */,
				FA5DA7770F7284CB00F05ED9 /* ModelListViewController.m in Sources */,
				FA1E7D670F787FEF00BAA55B /* ModelLoader.m in Sources */,
				FAA849980F78C29900026446 /* ThreadViewController.m in Sources */,
				FAA84AFF0F78DD9F00026446 /* ReplyCell.m in Sources */,
				FAD29AD50F796A22006E14A2 /* RegexKitLite.m in Sources */,
				FAB2F8700F7985FB000E4DC9 /* GrippyBar.m in Sources */,
				FA87BD680F7AE96B0044898C /* SettingsViewController.m in Sources */,
				FA87BE8E0F7B1B9D0044898C /* ComposeViewController.m in Sources */,
				FAB765F60F7C9E5B00CE0E38 /* BrowserViewController.m in Sources */,
				FA2B47550F7E1DA30074064A /* NSDataAdditions.m in Sources */,
				FA2B47560F7E1DA30074064A /* NSStringAdditions.m in Sources */,
				FA2B475C0F7E1DDB0074064A /* Image.m in Sources */,
				FA26AD080F80F85C00EB5FF0 /* Tag.m in Sources */,
				FAB1B6420F8FBF390021896A /* Message.m in Sources */,
				FA4123020F8FDF06002E1978 /* RootCell.m in Sources */,
				FA4123060F8FE08B002E1978 /* RootViewController.m in Sources */,
				FA4124580F8FF059002E1978 /* MessagesViewController.m in Sources */,
				FA828B900F90906500B59FF8 /* MessageCell.m in Sources */,
				FAD4EB510F96797900E74FED /* MessageViewController.m in Sources */,
				FA9C3ED50F9CED010022A739 /* SearchViewController.m in Sources */,
				FACD9A7C0F9E2F33009D9A15 /* SearchResultsViewController.m in Sources */,
				5907C59610A699A70028D630 /* ASIAuthenticationDialog.m in Sources */,
				5907C59710A699A70028D630 /* ASIFormDataRequest.m in Sources */,
				5907C59810A699A70028D630 /* ASIHTTPRequest.m in Sources */,
				5907C59910A699A70028D630 /* ASIInputStream.m in Sources */,
				5907C59A10A699A70028D630 /* ASINetworkQueue.m in Sources */,
				5907C59B10A699A70028D630 /* ASINSStringAdditions.m in Sources */,
				5907C59C10A699A70028D630 /* ASIS3BucketObject.m in Sources */,
				5907C59D10A699A70028D630 /* ASIS3ListRequest.m in Sources */,
				5907C59E10A699A70028D630 /* ASIS3Request.m in Sources */,
				5907C5A510A699DB0028D630 /* Reachability.m in Sources */,
				599FF0F610D5DDC1004476B8 /* NSObject+SBJSON.m in Sources */,
				599FF0F710D5DDC1004476B8 /* NSString+SBJSON.m in Sources */,
				599FF0F810D5DDC1004476B8 /* SBJSON.m in Sources */,
				599FF0F910D5DDC1004476B8 /* SBJsonBase.m in Sources */,
				599FF0FA10D5DDC1004476B8 /* SBJsonParser.m in Sources */,
				599FF0FB10D5DDC1004476B8 /* SBJsonWriter.m in Sources */,
				FA08ADB3112B40E800B89890 /* Mod.m in Sources */,
				FA56C87E114B5A5F006A493B /* ImageViewController.m in Sources */,
				FAF9F427114F2C3C00AEB205 /* CGRect+HelperKit.m in Sources */,
				FAF9F428114F2C3C00AEB205 /* NSString+HelperKit.m in Sources */,
				FAF9F429114F2C3C00AEB205 /* NSURL+HelperKit.m in Sources */,
				FAF9F42A114F2C3C00AEB205 /* NSURLRequest+HelperKit.m in Sources */,
				FAF9F42D114F2C3C00AEB205 /* UIAlertView+HelperKit.m in Sources */,
				FAF9F42E114F2C3C00AEB205 /* UIBarButtonItem+HelperKit.m in Sources */,
				FAF9F42F114F2C3C00AEB205 /* UIImage+HelperKit.m in Sources */,
				FAF9F430114F2C3C00AEB205 /* UIImageView+HelperKit.m in Sources */,
				FAF9F431114F2C3C00AEB205 /* UINavigationController+HelperKit.m in Sources */,
				FAF9F432114F2C3C00AEB205 /* UITableView+HelperKit.m in Sources */,
				FAF9F433114F2C3C00AEB205 /* UIView+HelperKit.m in Sources */,
				FAF9F434114F2C3C00AEB205 /* UIViewController+HelperKit.m in Sources */,
			);
			runOnlyForDeploymentPostprocessing = 0;
		};
/* End PBXSourcesBuildPhase section */

/* Begin XCBuildConfiguration section */
		1D6058940D05DD3E006BFB54 /* Debug */ = {
			isa = XCBuildConfiguration;
			buildSettings = {
				ALWAYS_SEARCH_USER_PATHS = NO;
				CODE_SIGN_RESOURCE_RULES_PATH = "$(SDKROOT)/ResourceRules.plist";
				COPY_PHASE_STRIP = NO;
				FRAMEWORK_SEARCH_PATHS = (
					"$(inherited)",
					"\"$(SRCROOT)/../../../Library/Frameworks\"",
				);
				GCC_DYNAMIC_NO_PIC = NO;
				GCC_OPTIMIZATION_LEVEL = 0;
				GCC_PRECOMPILE_PREFIX_HEADER = YES;
				GCC_PREFIX_HEADER = LatestChatty2_Prefix.pch;
				INFOPLIST_FILE = Info.plist;
				PRODUCT_NAME = LatestChatty;
			};
			name = Debug;
		};
		1D6058950D05DD3E006BFB54 /* Release */ = {
			isa = XCBuildConfiguration;
			buildSettings = {
				ALWAYS_SEARCH_USER_PATHS = NO;
				CODE_SIGN_RESOURCE_RULES_PATH = "$(SDKROOT)/ResourceRules.plist";
				COPY_PHASE_STRIP = YES;
				FRAMEWORK_SEARCH_PATHS = (
					"$(inherited)",
					"\"$(SRCROOT)/../../../Library/Frameworks\"",
				);
				GCC_PRECOMPILE_PREFIX_HEADER = YES;
				GCC_PREFIX_HEADER = LatestChatty2_Prefix.pch;
				INFOPLIST_FILE = Info.plist;
				PRODUCT_NAME = LatestChatty;
			};
			name = Release;
		};
		C01FCF4F08A954540054247B /* Debug */ = {
			isa = XCBuildConfiguration;
			buildSettings = {
				ARCHS = "$(ARCHS_STANDARD_32_BIT)";
				"CODE_SIGN_IDENTITY[sdk=iphoneos*]" = "iPhone Developer";
				GCC_C_LANGUAGE_STANDARD = c99;
				GCC_VERSION = "";
				GCC_WARN_ABOUT_RETURN_TYPE = YES;
				GCC_WARN_UNUSED_VARIABLE = YES;
				ONLY_ACTIVE_ARCH = YES;
				OTHER_LDFLAGS = (
					"-ObjC",
					"-licucore",
				);
				PREBINDING = NO;
				"PROVISIONING_PROFILE[sdk=iphoneos*]" = "";
				SDKROOT = iphoneos3.1.2;
			};
			name = Debug;
		};
		C01FCF5008A954540054247B /* Release */ = {
			isa = XCBuildConfiguration;
			buildSettings = {
				ARCHS = "$(ARCHS_STANDARD_32_BIT)";
				"CODE_SIGN_IDENTITY[sdk=iphoneos*]" = "iPhone Developer: Alex Wayne";
				GCC_C_LANGUAGE_STANDARD = c99;
				GCC_WARN_ABOUT_RETURN_TYPE = YES;
				GCC_WARN_UNUSED_VARIABLE = YES;
				OTHER_LDFLAGS = (
					"-ObjC",
					"-licucore",
				);
				PREBINDING = NO;
				"PROVISIONING_PROFILE[sdk=iphoneos*]" = "AA72E614-BDE2-4784-8BE4-0EF03C00E02C";
				SDKROOT = iphoneos3.1.2;
			};
			name = Release;
		};
		FADDB5410F81548500DF3650 /* Distribution */ = {
			isa = XCBuildConfiguration;
			buildSettings = {
				ARCHS = "$(ARCHS_STANDARD_32_BIT)";
				"CODE_SIGN_IDENTITY[sdk=iphoneos*]" = "iPhone Distribution";
				GCC_C_LANGUAGE_STANDARD = c99;
				GCC_WARN_ABOUT_RETURN_TYPE = YES;
				GCC_WARN_UNUSED_VARIABLE = YES;
				OTHER_LDFLAGS = (
					"-ObjC",
					"-licucore",
				);
				PREBINDING = NO;
				"PROVISIONING_PROFILE[sdk=iphoneos*]" = "";
				SDKROOT = iphoneos3.1.2;
			};
			name = Distribution;
		};
		FADDB5420F81548500DF3650 /* Distribution */ = {
			isa = XCBuildConfiguration;
			buildSettings = {
				ALWAYS_SEARCH_USER_PATHS = NO;
				CODE_SIGN_RESOURCE_RULES_PATH = "$(SDKROOT)/ResourceRules.plist";
				COPY_PHASE_STRIP = YES;
				FRAMEWORK_SEARCH_PATHS = (
					"$(inherited)",
					"\"$(SRCROOT)/../../../Library/Frameworks\"",
				);
				GCC_PRECOMPILE_PREFIX_HEADER = YES;
				GCC_PREFIX_HEADER = LatestChatty2_Prefix.pch;
				INFOPLIST_FILE = Info.plist;
				PRODUCT_NAME = LatestChatty;
			};
			name = Distribution;
		};
/* End XCBuildConfiguration section */

/* Begin XCConfigurationList section */
		1D6058960D05DD3E006BFB54 /* Build configuration list for PBXNativeTarget "LatestChatty2" */ = {
			isa = XCConfigurationList;
			buildConfigurations = (
				1D6058940D05DD3E006BFB54 /* Debug */,
				1D6058950D05DD3E006BFB54 /* Release */,
				FADDB5420F81548500DF3650 /* Distribution */,
			);
			defaultConfigurationIsVisible = 0;
			defaultConfigurationName = Release;
		};
		C01FCF4E08A954540054247B /* Build configuration list for PBXProject "LatestChatty2" */ = {
			isa = XCConfigurationList;
			buildConfigurations = (
				C01FCF4F08A954540054247B /* Debug */,
				C01FCF5008A954540054247B /* Release */,
				FADDB5410F81548500DF3650 /* Distribution */,
			);
			defaultConfigurationIsVisible = 0;
			defaultConfigurationName = Release;
		};
/* End XCConfigurationList section */
	};
	rootObject = 29B97313FDCFA39411CA2CEA /* Project object */;
}
